{
  "lockfileVersion": 1,
  "configVersion": 1,
  "workspaces": {
    "": {
      "devDependencies": {
        "libflacjs": "^5.6.0",
        "playwright": "^1.62.1",
      },
    },
  },
  "packages": {
    "fsevents": ["fsevents@2.3.2", "", { "os": "darwin" }, "sha512-xiqMQR4xAeHTuB9uWm+fFRcIOgKBMiOBP+eXiyT7jsgVCq1bkVygt00oASowB7EdtpOHaaPgKt812P9ab+DDKA=="],

    "libflacjs": ["libflacjs@5.6.0", "", { "bin": { "index.d.ts": "dist/index.d.ts", "libflac.d.ts": "dist/libflac.d.ts", "libflac.dev.d.ts": "dist/libflac.dev.d.ts", "libflac.dev.js": "dist/libflac.dev.js", "libflac.dev.js.symbols": "dist/libflac.dev.js.symbols", "libflac.dev.wasm.d.ts": "dist/libflac.dev.wasm.d.ts", "libflac.dev.wasm.js": "dist/libflac.dev.wasm.js", "libflac.dev.wasm.js.symbols": "dist/libflac.dev.wasm.js.symbols", "libflac.dev.wasm.wasm": "dist/libflac.dev.wasm.wasm", "libflac.dev.wasm.wasm.map": "dist/libflac.dev.wasm.wasm.map", "libflac.js": "dist/libflac.js", "libflac.js.symbols": "dist/libflac.js.symbols", "libflac.min.d.ts": "dist/libflac.min.d.ts", "libflac.min.js": "dist/libflac.min.js", "libflac.min.js.mem": "dist/libflac.min.js.mem", "libflac.min.js.symbols": "dist/libflac.min.js.symbols", "libflac.min.wasm.d.ts": "dist/libflac.min.wasm.d.ts", "libflac.min.wasm.js": "dist/libflac.min.wasm.js", "libflac.min.wasm.js.symbols": "dist/libflac.min.wasm.js.symbols", "libflac.min.wasm.wasm": "dist/libflac.min.wasm.wasm", "libflac.wasm.d.ts": "dist/libflac.wasm.d.ts", "libflac.wasm.js": "dist/libflac.wasm.js", "libflac.wasm.js.symbols": "dist/libflac.wasm.js.symbols", "libflac.wasm.wasm": "dist/libflac.wasm.wasm" } }, "sha512-ev9pJxcPEkUdQDBd5ywPHEtYe9mGlzLaNwj+sS32IpiOTPnCYQsCPZLR95dAYXix24UICJJwld4D/tZrR0RFbw=="],

    "playwright": ["playwright@1.62.1", "", { "dependencies": { "playwright-core": "1.62.1" }, "optionalDependencies": { "fsevents": "2.3.2" }, "bin": { "playwright": "cli.js" } }, "sha512-0M+L3LAD8/nm554LOla9Ayx0j0tmFZ0FBcoQ7F1VuVHpM/XpiC8RcDzBQB8W5+hA8L22THxELzeF+2WcUzvcLg=="],

    "playwright-core": ["playwright-core@1.62.1", "", { "bin": { "playwright-core": "cli.js" } }, "sha512-wPYSwEBJY9GHraISXqyqtx0na0LpO3XEX7jNDhntbex7tzUS7kLnZsOlFruFJB4Hi/rhDMjXGqHewDZ68nYZVw=="],
  }
}
