
Microsoft Visual Studio Solution File, Format Version 12.00
# Visual Studio 14
VisualStudioVersion = 14.0.25420.1
MinimumVisualStudioVersion = 10.0.40219.1
Project("{8BC9CEB8-8B4A-11D0-8D11-00A0C91BC942}") = "IntraCore", "Core\IntraCore.vcxproj", "{5F1E44C2-E07A-4E06-9479-FAEF877AA2A7}"
EndProject
Project("{8BC9CEB8-8B4A-11D0-8D11-00A0C91BC942}") = "IntraAudio", "Audio\IntraAudio.vcxproj", "{FD4FD362-74BB-490C-9A48-5FD3B50B76CE}"
EndProject
Project("{8BC9CEB8-8B4A-11D0-8D11-00A0C91BC942}") = "IntraImage", "Image\IntraImage.vcxproj", "{BB3CDF27-FBBC-4B3E-AFEF-784692BEDA8C}"
EndProject
Project("{8BC9CEB8-8B4A-11D0-8D11-00A0C91BC942}") = "IntraGraphics", "Graphics\IntraGraphics.vcxproj", "{0FD2FC4F-5685-4333-BCE3-524D1B49A7BF}"
EndProject
Project("{8BC9CEB8-8B4A-11D0-8D11-00A0C91BC942}") = "IntraEngine", "Engine\IntraEngine.vcxproj", "{BAC6FBCD-EDD1-429D-AA4C-05C0EC0B89E6}"
EndProject
Project("{8BC9CEB8-8B4A-11D0-8D11-00A0C91BC942}") = "Bin2C", "Demos\Bin2C\Bin2C.vcxproj", "{60F3047C-9099-40D9-9173-8B95A0A5FF34}"
	ProjectSection(ProjectDependencies) = postProject
		{5F1E44C2-E07A-4E06-9479-FAEF877AA2A7} = {5F1E44C2-E07A-4E06-9479-FAEF877AA2A7}
	EndProjectSection
EndProject
Project("{8BC9CEB8-8B4A-11D0-8D11-00A0C91BC942}") = "MusicSynthesizer", "Demos\MusicSynthesizer\MusicSynthesizer.vcxproj", "{54A3C255-6110-48B7-AE17-28762B6631F5}"
	ProjectSection(ProjectDependencies) = postProject
		{FD4FD362-74BB-490C-9A48-5FD3B50B76CE} = {FD4FD362-74BB-490C-9A48-5FD3B50B76CE}
		{5F1E44C2-E07A-4E06-9479-FAEF877AA2A7} = {5F1E44C2-E07A-4E06-9479-FAEF877AA2A7}
	EndProjectSection
EndProject
Project("{8BC9CEB8-8B4A-11D0-8D11-00A0C91BC942}") = "Tests", "Demos\Tests\Tests.vcxproj", "{5BF0FA4B-B9E5-4772-81D2-E4902C799F59}"
	ProjectSection(ProjectDependencies) = postProject
		{5F1E44C2-E07A-4E06-9479-FAEF877AA2A7} = {5F1E44C2-E07A-4E06-9479-FAEF877AA2A7}
	EndProjectSection
EndProject
Global
	GlobalSection(SolutionConfigurationPlatforms) = preSolution
		Debug|x64 = Debug|x64
		Debug|x86 = Debug|x86
		Release Clang|x64 = Release Clang|x64
		Release Clang|x86 = Release Clang|x86
		Release MSClang|x64 = Release MSClang|x64
		Release MSClang|x86 = Release MSClang|x86
		Release|x64 = Release|x64
		Release|x86 = Release|x86
		ReleaseMin|x64 = ReleaseMin|x64
		ReleaseMin|x86 = ReleaseMin|x86
	EndGlobalSection
	GlobalSection(ProjectConfigurationPlatforms) = postSolution
		{5F1E44C2-E07A-4E06-9479-FAEF877AA2A7}.Debug|x64.ActiveCfg = Debug|x64
		{5F1E44C2-E07A-4E06-9479-FAEF877AA2A7}.Debug|x64.Build.0 = Debug|x64
		{5F1E44C2-E07A-4E06-9479-FAEF877AA2A7}.Debug|x86.ActiveCfg = Debug|Win32
		{5F1E44C2-E07A-4E06-9479-FAEF877AA2A7}.Debug|x86.Build.0 = Debug|Win32
		{5F1E44C2-E07A-4E06-9479-FAEF877AA2A7}.Release Clang|x64.ActiveCfg = Release Clang|x64
		{5F1E44C2-E07A-4E06-9479-FAEF877AA2A7}.Release Clang|x64.Build.0 = Release Clang|x64
		{5F1E44C2-E07A-4E06-9479-FAEF877AA2A7}.Release Clang|x86.ActiveCfg = Release Clang|Win32
		{5F1E44C2-E07A-4E06-9479-FAEF877AA2A7}.Release Clang|x86.Build.0 = Release Clang|Win32
		{5F1E44C2-E07A-4E06-9479-FAEF877AA2A7}.Release MSClang|x64.ActiveCfg = Release MSClang|x64
		{5F1E44C2-E07A-4E06-9479-FAEF877AA2A7}.Release MSClang|x64.Build.0 = Release MSClang|x64
		{5F1E44C2-E07A-4E06-9479-FAEF877AA2A7}.Release MSClang|x86.ActiveCfg = Release MSClang|Win32
		{5F1E44C2-E07A-4E06-9479-FAEF877AA2A7}.Release MSClang|x86.Build.0 = Release MSClang|Win32
		{5F1E44C2-E07A-4E06-9479-FAEF877AA2A7}.Release|x64.ActiveCfg = Release|x64
		{5F1E44C2-E07A-4E06-9479-FAEF877AA2A7}.Release|x64.Build.0 = Release|x64
		{5F1E44C2-E07A-4E06-9479-FAEF877AA2A7}.Release|x86.ActiveCfg = Release|Win32
		{5F1E44C2-E07A-4E06-9479-FAEF877AA2A7}.Release|x86.Build.0 = Release|Win32
		{5F1E44C2-E07A-4E06-9479-FAEF877AA2A7}.ReleaseMin|x64.ActiveCfg = ReleaseMin|x64
		{5F1E44C2-E07A-4E06-9479-FAEF877AA2A7}.ReleaseMin|x64.Build.0 = ReleaseMin|x64
		{5F1E44C2-E07A-4E06-9479-FAEF877AA2A7}.ReleaseMin|x86.ActiveCfg = ReleaseMin|Win32
		{5F1E44C2-E07A-4E06-9479-FAEF877AA2A7}.ReleaseMin|x86.Build.0 = ReleaseMin|Win32
		{FD4FD362-74BB-490C-9A48-5FD3B50B76CE}.Debug|x64.ActiveCfg = Debug|x64
		{FD4FD362-74BB-490C-9A48-5FD3B50B76CE}.Debug|x64.Build.0 = Debug|x64
		{FD4FD362-74BB-490C-9A48-5FD3B50B76CE}.Debug|x86.ActiveCfg = Debug|Win32
		{FD4FD362-74BB-490C-9A48-5FD3B50B76CE}.Debug|x86.Build.0 = Debug|Win32
		{FD4FD362-74BB-490C-9A48-5FD3B50B76CE}.Release Clang|x64.ActiveCfg = Release Clang|x64
		{FD4FD362-74BB-490C-9A48-5FD3B50B76CE}.Release Clang|x64.Build.0 = Release Clang|x64
		{FD4FD362-74BB-490C-9A48-5FD3B50B76CE}.Release Clang|x86.ActiveCfg = Release Clang|Win32
		{FD4FD362-74BB-490C-9A48-5FD3B50B76CE}.Release Clang|x86.Build.0 = Release Clang|Win32
		{FD4FD362-74BB-490C-9A48-5FD3B50B76CE}.Release MSClang|x64.ActiveCfg = Release MSClang|x64
		{FD4FD362-74BB-490C-9A48-5FD3B50B76CE}.Release MSClang|x64.Build.0 = Release MSClang|x64
		{FD4FD362-74BB-490C-9A48-5FD3B50B76CE}.Release MSClang|x86.ActiveCfg = Release MSClang|Win32
		{FD4FD362-74BB-490C-9A48-5FD3B50B76CE}.Release MSClang|x86.Build.0 = Release MSClang|Win32
		{FD4FD362-74BB-490C-9A48-5FD3B50B76CE}.Release|x64.ActiveCfg = Release|x64
		{FD4FD362-74BB-490C-9A48-5FD3B50B76CE}.Release|x64.Build.0 = Release|x64
		{FD4FD362-74BB-490C-9A48-5FD3B50B76CE}.Release|x86.ActiveCfg = Release|Win32
		{FD4FD362-74BB-490C-9A48-5FD3B50B76CE}.Release|x86.Build.0 = Release|Win32
		{FD4FD362-74BB-490C-9A48-5FD3B50B76CE}.ReleaseMin|x64.ActiveCfg = ReleaseMin|x64
		{FD4FD362-74BB-490C-9A48-5FD3B50B76CE}.ReleaseMin|x64.Build.0 = ReleaseMin|x64
		{FD4FD362-74BB-490C-9A48-5FD3B50B76CE}.ReleaseMin|x86.ActiveCfg = ReleaseMin|Win32
		{FD4FD362-74BB-490C-9A48-5FD3B50B76CE}.ReleaseMin|x86.Build.0 = ReleaseMin|Win32
		{BB3CDF27-FBBC-4B3E-AFEF-784692BEDA8C}.Debug|x64.ActiveCfg = Debug|x64
		{BB3CDF27-FBBC-4B3E-AFEF-784692BEDA8C}.Debug|x64.Build.0 = Debug|x64
		{BB3CDF27-FBBC-4B3E-AFEF-784692BEDA8C}.Debug|x86.ActiveCfg = Debug|Win32
		{BB3CDF27-FBBC-4B3E-AFEF-784692BEDA8C}.Debug|x86.Build.0 = Debug|Win32
		{BB3CDF27-FBBC-4B3E-AFEF-784692BEDA8C}.Release Clang|x64.ActiveCfg = Release Clang|x64
		{BB3CDF27-FBBC-4B3E-AFEF-784692BEDA8C}.Release Clang|x64.Build.0 = Release Clang|x64
		{BB3CDF27-FBBC-4B3E-AFEF-784692BEDA8C}.Release Clang|x86.ActiveCfg = Release Clang|Win32
		{BB3CDF27-FBBC-4B3E-AFEF-784692BEDA8C}.Release Clang|x86.Build.0 = Release Clang|Win32
		{BB3CDF27-FBBC-4B3E-AFEF-784692BEDA8C}.Release MSClang|x64.ActiveCfg = Release MSClang|x64
		{BB3CDF27-FBBC-4B3E-AFEF-784692BEDA8C}.Release MSClang|x64.Build.0 = Release MSClang|x64
		{BB3CDF27-FBBC-4B3E-AFEF-784692BEDA8C}.Release MSClang|x86.ActiveCfg = Release MSClang|Win32
		{BB3CDF27-FBBC-4B3E-AFEF-784692BEDA8C}.Release MSClang|x86.Build.0 = Release MSClang|Win32
		{BB3CDF27-FBBC-4B3E-AFEF-784692BEDA8C}.Release|x64.ActiveCfg = Release|x64
		{BB3CDF27-FBBC-4B3E-AFEF-784692BEDA8C}.Release|x64.Build.0 = Release|x64
		{BB3CDF27-FBBC-4B3E-AFEF-784692BEDA8C}.Release|x86.ActiveCfg = Release|Win32
		{BB3CDF27-FBBC-4B3E-AFEF-784692BEDA8C}.Release|x86.Build.0 = Release|Win32
		{BB3CDF27-FBBC-4B3E-AFEF-784692BEDA8C}.ReleaseMin|x64.ActiveCfg = ReleaseMin|x64
		{BB3CDF27-FBBC-4B3E-AFEF-784692BEDA8C}.ReleaseMin|x64.Build.0 = ReleaseMin|x64
		{BB3CDF27-FBBC-4B3E-AFEF-784692BEDA8C}.ReleaseMin|x86.ActiveCfg = ReleaseMin|Win32
		{BB3CDF27-FBBC-4B3E-AFEF-784692BEDA8C}.ReleaseMin|x86.Build.0 = ReleaseMin|Win32
		{0FD2FC4F-5685-4333-BCE3-524D1B49A7BF}.Debug|x64.ActiveCfg = Debug|x64
		{0FD2FC4F-5685-4333-BCE3-524D1B49A7BF}.Debug|x64.Build.0 = Debug|x64
		{0FD2FC4F-5685-4333-BCE3-524D1B49A7BF}.Debug|x86.ActiveCfg = Debug|Win32
		{0FD2FC4F-5685-4333-BCE3-524D1B49A7BF}.Debug|x86.Build.0 = Debug|Win32
		{0FD2FC4F-5685-4333-BCE3-524D1B49A7BF}.Release Clang|x64.ActiveCfg = Release Clang|x64
		{0FD2FC4F-5685-4333-BCE3-524D1B49A7BF}.Release Clang|x64.Build.0 = Release Clang|x64
		{0FD2FC4F-5685-4333-BCE3-524D1B49A7BF}.Release Clang|x86.ActiveCfg = Release Clang|Win32
		{0FD2FC4F-5685-4333-BCE3-524D1B49A7BF}.Release Clang|x86.Build.0 = Release Clang|Win32
		{0FD2FC4F-5685-4333-BCE3-524D1B49A7BF}.Release MSClang|x64.ActiveCfg = Release MSClang|x64
		{0FD2FC4F-5685-4333-BCE3-524D1B49A7BF}.Release MSClang|x64.Build.0 = Release MSClang|x64
		{0FD2FC4F-5685-4333-BCE3-524D1B49A7BF}.Release MSClang|x86.ActiveCfg = Release MSClang|Win32
		{0FD2FC4F-5685-4333-BCE3-524D1B49A7BF}.Release MSClang|x86.Build.0 = Release MSClang|Win32
		{0FD2FC4F-5685-4333-BCE3-524D1B49A7BF}.Release|x64.ActiveCfg = Release|x64
		{0FD2FC4F-5685-4333-BCE3-524D1B49A7BF}.Release|x64.Build.0 = Release|x64
		{0FD2FC4F-5685-4333-BCE3-524D1B49A7BF}.Release|x86.ActiveCfg = Release|Win32
		{0FD2FC4F-5685-4333-BCE3-524D1B49A7BF}.Release|x86.Build.0 = Release|Win32
		{0FD2FC4F-5685-4333-BCE3-524D1B49A7BF}.ReleaseMin|x64.ActiveCfg = ReleaseMin|x64
		{0FD2FC4F-5685-4333-BCE3-524D1B49A7BF}.ReleaseMin|x64.Build.0 = ReleaseMin|x64
		{0FD2FC4F-5685-4333-BCE3-524D1B49A7BF}.ReleaseMin|x86.ActiveCfg = ReleaseMin|Win32
		{0FD2FC4F-5685-4333-BCE3-524D1B49A7BF}.ReleaseMin|x86.Build.0 = ReleaseMin|Win32
		{BAC6FBCD-EDD1-429D-AA4C-05C0EC0B89E6}.Debug|x64.ActiveCfg = Debug|x64
		{BAC6FBCD-EDD1-429D-AA4C-05C0EC0B89E6}.Debug|x64.Build.0 = Debug|x64
		{BAC6FBCD-EDD1-429D-AA4C-05C0EC0B89E6}.Debug|x86.ActiveCfg = Debug|Win32
		{BAC6FBCD-EDD1-429D-AA4C-05C0EC0B89E6}.Debug|x86.Build.0 = Debug|Win32
		{BAC6FBCD-EDD1-429D-AA4C-05C0EC0B89E6}.Release Clang|x64.ActiveCfg = Release Clang|x64
		{BAC6FBCD-EDD1-429D-AA4C-05C0EC0B89E6}.Release Clang|x64.Build.0 = Release Clang|x64
		{BAC6FBCD-EDD1-429D-AA4C-05C0EC0B89E6}.Release Clang|x86.ActiveCfg = Release Clang|Win32
		{BAC6FBCD-EDD1-429D-AA4C-05C0EC0B89E6}.Release Clang|x86.Build.0 = Release Clang|Win32
		{BAC6FBCD-EDD1-429D-AA4C-05C0EC0B89E6}.Release MSClang|x64.ActiveCfg = Release MSClang|x64
		{BAC6FBCD-EDD1-429D-AA4C-05C0EC0B89E6}.Release MSClang|x64.Build.0 = Release MSClang|x64
		{BAC6FBCD-EDD1-429D-AA4C-05C0EC0B89E6}.Release MSClang|x86.ActiveCfg = Release MSClang|Win32
		{BAC6FBCD-EDD1-429D-AA4C-05C0EC0B89E6}.Release MSClang|x86.Build.0 = Release MSClang|Win32
		{BAC6FBCD-EDD1-429D-AA4C-05C0EC0B89E6}.Release|x64.ActiveCfg = Release|x64
		{BAC6FBCD-EDD1-429D-AA4C-05C0EC0B89E6}.Release|x64.Build.0 = Release|x64
		{BAC6FBCD-EDD1-429D-AA4C-05C0EC0B89E6}.Release|x86.ActiveCfg = Release|Win32
		{BAC6FBCD-EDD1-429D-AA4C-05C0EC0B89E6}.Release|x86.Build.0 = Release|Win32
		{BAC6FBCD-EDD1-429D-AA4C-05C0EC0B89E6}.ReleaseMin|x64.ActiveCfg = ReleaseMin|x64
		{BAC6FBCD-EDD1-429D-AA4C-05C0EC0B89E6}.ReleaseMin|x64.Build.0 = ReleaseMin|x64
		{BAC6FBCD-EDD1-429D-AA4C-05C0EC0B89E6}.ReleaseMin|x86.ActiveCfg = ReleaseMin|Win32
		{BAC6FBCD-EDD1-429D-AA4C-05C0EC0B89E6}.ReleaseMin|x86.Build.0 = ReleaseMin|Win32
		{60F3047C-9099-40D9-9173-8B95A0A5FF34}.Debug|x64.ActiveCfg = Debug|x64
		{60F3047C-9099-40D9-9173-8B95A0A5FF34}.Debug|x64.Build.0 = Debug|x64
		{60F3047C-9099-40D9-9173-8B95A0A5FF34}.Debug|x86.ActiveCfg = Debug|Win32
		{60F3047C-9099-40D9-9173-8B95A0A5FF34}.Debug|x86.Build.0 = Debug|Win32
		{60F3047C-9099-40D9-9173-8B95A0A5FF34}.Release Clang|x64.ActiveCfg = Release Clang|x64
		{60F3047C-9099-40D9-9173-8B95A0A5FF34}.Release Clang|x64.Build.0 = Release Clang|x64
		{60F3047C-9099-40D9-9173-8B95A0A5FF34}.Release Clang|x86.ActiveCfg = Release Clang|Win32
		{60F3047C-9099-40D9-9173-8B95A0A5FF34}.Release Clang|x86.Build.0 = Release Clang|Win32
		{60F3047C-9099-40D9-9173-8B95A0A5FF34}.Release MSClang|x64.ActiveCfg = Release MSClang|x64
		{60F3047C-9099-40D9-9173-8B95A0A5FF34}.Release MSClang|x64.Build.0 = Release MSClang|x64
		{60F3047C-9099-40D9-9173-8B95A0A5FF34}.Release MSClang|x86.ActiveCfg = Release MSClang|Win32
		{60F3047C-9099-40D9-9173-8B95A0A5FF34}.Release MSClang|x86.Build.0 = Release MSClang|Win32
		{60F3047C-9099-40D9-9173-8B95A0A5FF34}.Release|x64.ActiveCfg = Release|x64
		{60F3047C-9099-40D9-9173-8B95A0A5FF34}.Release|x64.Build.0 = Release|x64
		{60F3047C-9099-40D9-9173-8B95A0A5FF34}.Release|x86.ActiveCfg = Release|Win32
		{60F3047C-9099-40D9-9173-8B95A0A5FF34}.Release|x86.Build.0 = Release|Win32
		{60F3047C-9099-40D9-9173-8B95A0A5FF34}.ReleaseMin|x64.ActiveCfg = ReleaseMin|x64
		{60F3047C-9099-40D9-9173-8B95A0A5FF34}.ReleaseMin|x64.Build.0 = ReleaseMin|x64
		{60F3047C-9099-40D9-9173-8B95A0A5FF34}.ReleaseMin|x86.ActiveCfg = ReleaseMin|Win32
		{60F3047C-9099-40D9-9173-8B95A0A5FF34}.ReleaseMin|x86.Build.0 = ReleaseMin|Win32
		{54A3C255-6110-48B7-AE17-28762B6631F5}.Debug|x64.ActiveCfg = Debug|x64
		{54A3C255-6110-48B7-AE17-28762B6631F5}.Debug|x64.Build.0 = Debug|x64
		{54A3C255-6110-48B7-AE17-28762B6631F5}.Debug|x86.ActiveCfg = Debug|Win32
		{54A3C255-6110-48B7-AE17-28762B6631F5}.Debug|x86.Build.0 = Debug|Win32
		{54A3C255-6110-48B7-AE17-28762B6631F5}.Release Clang|x64.ActiveCfg = Release Clang|x64
		{54A3C255-6110-48B7-AE17-28762B6631F5}.Release Clang|x64.Build.0 = Release Clang|x64
		{54A3C255-6110-48B7-AE17-28762B6631F5}.Release Clang|x86.ActiveCfg = Release Clang|Win32
		{54A3C255-6110-48B7-AE17-28762B6631F5}.Release Clang|x86.Build.0 = Release Clang|Win32
		{54A3C255-6110-48B7-AE17-28762B6631F5}.Release MSClang|x64.ActiveCfg = Release MSClang|x64
		{54A3C255-6110-48B7-AE17-28762B6631F5}.Release MSClang|x64.Build.0 = Release MSClang|x64
		{54A3C255-6110-48B7-AE17-28762B6631F5}.Release MSClang|x86.ActiveCfg = Release MSClang|Win32
		{54A3C255-6110-48B7-AE17-28762B6631F5}.Release MSClang|x86.Build.0 = Release MSClang|Win32
		{54A3C255-6110-48B7-AE17-28762B6631F5}.Release|x64.ActiveCfg = Release|x64
		{54A3C255-6110-48B7-AE17-28762B6631F5}.Release|x64.Build.0 = Release|x64
		{54A3C255-6110-48B7-AE17-28762B6631F5}.Release|x86.ActiveCfg = Release|Win32
		{54A3C255-6110-48B7-AE17-28762B6631F5}.Release|x86.Build.0 = Release|Win32
		{54A3C255-6110-48B7-AE17-28762B6631F5}.ReleaseMin|x64.ActiveCfg = ReleaseMin|x64
		{54A3C255-6110-48B7-AE17-28762B6631F5}.ReleaseMin|x64.Build.0 = ReleaseMin|x64
		{54A3C255-6110-48B7-AE17-28762B6631F5}.ReleaseMin|x86.ActiveCfg = ReleaseMin|Win32
		{54A3C255-6110-48B7-AE17-28762B6631F5}.ReleaseMin|x86.Build.0 = ReleaseMin|Win32
		{5BF0FA4B-B9E5-4772-81D2-E4902C799F59}.Debug|x64.ActiveCfg = Debug|x64
		{5BF0FA4B-B9E5-4772-81D2-E4902C799F59}.Debug|x64.Build.0 = Debug|x64
		{5BF0FA4B-B9E5-4772-81D2-E4902C799F59}.Debug|x86.ActiveCfg = Debug|Win32
		{5BF0FA4B-B9E5-4772-81D2-E4902C799F59}.Debug|x86.Build.0 = Debug|Win32
		{5BF0FA4B-B9E5-4772-81D2-E4902C799F59}.Release Clang|x64.ActiveCfg = Release Clang|x64
		{5BF0FA4B-B9E5-4772-81D2-E4902C799F59}.Release Clang|x64.Build.0 = Release Clang|x64
		{5BF0FA4B-B9E5-4772-81D2-E4902C799F59}.Release Clang|x86.ActiveCfg = Release Clang|Win32
		{5BF0FA4B-B9E5-4772-81D2-E4902C799F59}.Release Clang|x86.Build.0 = Release Clang|Win32
		{5BF0FA4B-B9E5-4772-81D2-E4902C799F59}.Release MSClang|x64.ActiveCfg = Release MSClang|x64
		{5BF0FA4B-B9E5-4772-81D2-E4902C799F59}.Release MSClang|x64.Build.0 = Release MSClang|x64
		{5BF0FA4B-B9E5-4772-81D2-E4902C799F59}.Release MSClang|x86.ActiveCfg = Release MSClang|Win32
		{5BF0FA4B-B9E5-4772-81D2-E4902C799F59}.Release MSClang|x86.Build.0 = Release MSClang|Win32
		{5BF0FA4B-B9E5-4772-81D2-E4902C799F59}.Release|x64.ActiveCfg = Release|x64
		{5BF0FA4B-B9E5-4772-81D2-E4902C799F59}.Release|x64.Build.0 = Release|x64
		{5BF0FA4B-B9E5-4772-81D2-E4902C799F59}.Release|x86.ActiveCfg = Release|Win32
		{5BF0FA4B-B9E5-4772-81D2-E4902C799F59}.Release|x86.Build.0 = Release|Win32
		{5BF0FA4B-B9E5-4772-81D2-E4902C799F59}.ReleaseMin|x64.ActiveCfg = ReleaseMin|x64
		{5BF0FA4B-B9E5-4772-81D2-E4902C799F59}.ReleaseMin|x64.Build.0 = ReleaseMin|x64
		{5BF0FA4B-B9E5-4772-81D2-E4902C799F59}.ReleaseMin|x86.ActiveCfg = ReleaseMin|Win32
		{5BF0FA4B-B9E5-4772-81D2-E4902C799F59}.ReleaseMin|x86.Build.0 = ReleaseMin|Win32
	EndGlobalSection
	GlobalSection(SolutionProperties) = preSolution
		HideSolutionNode = FALSE
	EndGlobalSection
EndGlobal
