<?xml version="1.0" encoding="utf-8"?>
<Project ToolsVersion="4.0" xmlns="http://schemas.microsoft.com/developer/msbuild/2003">
  <ItemGroup>
    <Filter Include="Файлы исходного кода">
      <UniqueIdentifier>{4FC737F1-C7A5-4376-A066-2A32D752A2FF}</UniqueIdentifier>
      <Extensions>cpp;c;cc;cxx;def;odl;idl;hpj;bat;asm;asmx</Extensions>
    </Filter>
    <Filter Include="Заголовочные файлы">
      <UniqueIdentifier>{93995380-89BD-4b04-88EB-625FBE52EBFB}</UniqueIdentifier>
      <Extensions>h;hh;hpp;hxx;hm;inl;inc;xsd</Extensions>
    </Filter>
    <Filter Include="Файлы ресурсов">
      <UniqueIdentifier>{67DA6AB6-F800-4c08-8B7A-83BB121AAD01}</UniqueIdentifier>
      <Extensions>rc;ico;cur;bmp;dlg;rc2;rct;bin;rgs;gif;jpg;jpeg;jpe;resx;tiff;tif;png;wav;mfcribbon-ms</Extensions>
    </Filter>
    <Filter Include="Файлы исходного кода\Data">
      <UniqueIdentifier>{68207ef6-4dd3-44d9-bacd-742de0b41161}</UniqueIdentifier>
    </Filter>
    <Filter Include="Заголовочные файлы\Data">
      <UniqueIdentifier>{7eaf3407-ccbe-44f6-b497-febbdc6bef79}</UniqueIdentifier>
    </Filter>
    <Filter Include="Заголовочные файлы\IO">
      <UniqueIdentifier>{2b50c250-51a2-4845-b92a-4b1b09423e2a}</UniqueIdentifier>
    </Filter>
    <Filter Include="Заголовочные файлы\Math">
      <UniqueIdentifier>{fe834351-650f-44c0-816d-dd190bccf59e}</UniqueIdentifier>
    </Filter>
    <Filter Include="Заголовочные файлы\Meta">
      <UniqueIdentifier>{eaa60689-072a-4f14-8cae-7a2da97bd3ab}</UniqueIdentifier>
    </Filter>
    <Filter Include="Заголовочные файлы\Platform">
      <UniqueIdentifier>{b5d3d486-4439-4913-9371-28edee13e59f}</UniqueIdentifier>
    </Filter>
    <Filter Include="Заголовочные файлы\Utils">
      <UniqueIdentifier>{ba7797c5-7958-40ab-bc5d-7a9db9feb7e2}</UniqueIdentifier>
    </Filter>
    <Filter Include="Файлы исходного кода\IO">
      <UniqueIdentifier>{433133c3-68d7-4112-8b98-69240cd4d1e3}</UniqueIdentifier>
    </Filter>
    <Filter Include="Файлы исходного кода\Math">
      <UniqueIdentifier>{9519445b-be56-44ce-a8d2-e24c15cffc4f}</UniqueIdentifier>
    </Filter>
    <Filter Include="Файлы исходного кода\Meta">
      <UniqueIdentifier>{ad9569b3-4da0-4d90-ad3e-cac4bb5b03ee}</UniqueIdentifier>
    </Filter>
    <Filter Include="Файлы исходного кода\Platform">
      <UniqueIdentifier>{6199a1c5-b9e8-4756-84b0-4b35de9755ab}</UniqueIdentifier>
    </Filter>
    <Filter Include="Файлы исходного кода\Utils">
      <UniqueIdentifier>{ad522f90-9bcb-4118-a4c2-70af5c839dc3}</UniqueIdentifier>
    </Filter>
    <Filter Include="natvis">
      <UniqueIdentifier>{d1501a57-b575-4f1b-a482-f3c4444d6ed6}</UniqueIdentifier>
    </Filter>
    <Filter Include="Заголовочные файлы\Memory">
      <UniqueIdentifier>{245539f5-596f-46fc-85e6-daa51aa4a886}</UniqueIdentifier>
    </Filter>
    <Filter Include="Файлы исходного кода\Memory">
      <UniqueIdentifier>{b364f289-51bf-4bcd-b35c-bfb69ec22889}</UniqueIdentifier>
    </Filter>
    <Filter Include="Файлы исходного кода\Test">
      <UniqueIdentifier>{0b2f612d-a704-490f-ace2-3551f6f3385f}</UniqueIdentifier>
    </Filter>
    <Filter Include="Заголовочные файлы\Test">
      <UniqueIdentifier>{c6a63510-70e9-4aaf-ac8d-042e14571bb3}</UniqueIdentifier>
    </Filter>
    <Filter Include="Заголовочные файлы\Range">
      <UniqueIdentifier>{26d0aa94-237a-4b25-ac44-9b4b1e22507d}</UniqueIdentifier>
    </Filter>
    <Filter Include="Файлы исходного кода\Algo">
      <UniqueIdentifier>{f51481c2-1691-435f-b8e3-a9fea9fb6649}</UniqueIdentifier>
    </Filter>
    <Filter Include="Заголовочные файлы\Algo">
      <UniqueIdentifier>{862c24a5-bb8a-4515-ad74-0a2b6d250d7e}</UniqueIdentifier>
    </Filter>
    <Filter Include="Заголовочные файлы\Algo\Mutation">
      <UniqueIdentifier>{4866904a-40f3-446d-8129-6c5bb560ed42}</UniqueIdentifier>
    </Filter>
    <Filter Include="Заголовочные файлы\Algo\String">
      <UniqueIdentifier>{838b941e-85f7-4c77-833d-ad1b23bb9be5}</UniqueIdentifier>
    </Filter>
    <Filter Include="Заголовочные файлы\Algo\Sort">
      <UniqueIdentifier>{b650e0ed-e509-49f2-ba77-ef07ff73ab2f}</UniqueIdentifier>
    </Filter>
    <Filter Include="Файлы исходного кода\Algo\Mutation">
      <UniqueIdentifier>{78649ce1-1ac3-4020-ad0f-51725f9b0844}</UniqueIdentifier>
    </Filter>
    <Filter Include="Файлы исходного кода\Algo\String">
      <UniqueIdentifier>{3139bc43-e060-47ac-8127-da8a43e56c8a}</UniqueIdentifier>
    </Filter>
    <Filter Include="Заголовочные файлы\Algo\Search">
      <UniqueIdentifier>{e14a131c-3d2a-48fe-85a2-ee3e96f1122f}</UniqueIdentifier>
    </Filter>
    <Filter Include="Файлы исходного кода\Range">
      <UniqueIdentifier>{eddd2920-1bc1-4b76-9dfc-a327fc8221f1}</UniqueIdentifier>
    </Filter>
    <Filter Include="Заголовочные файлы\Algo\Hash">
      <UniqueIdentifier>{c159780f-ea80-4148-8ca2-9b74fdd4d440}</UniqueIdentifier>
    </Filter>
    <Filter Include="Файлы исходного кода\Algo\Hash">
      <UniqueIdentifier>{f2a29b41-89a0-45fb-bafc-ac425037efbf}</UniqueIdentifier>
    </Filter>
    <Filter Include="Файлы исходного кода\Audio">
      <UniqueIdentifier>{074b23b8-2006-4a2b-9816-c525ad74aa26}</UniqueIdentifier>
    </Filter>
    <Filter Include="Файлы исходного кода\Audio\Synth">
      <UniqueIdentifier>{f88eac47-a3c4-4ce1-82bc-614bace1487c}</UniqueIdentifier>
    </Filter>
    <Filter Include="Файлы исходного кода\Audio\Sources">
      <UniqueIdentifier>{64c54285-1629-4c1a-910a-d8ece9442984}</UniqueIdentifier>
    </Filter>
    <Filter Include="Файлы исходного кода\Audio\Synth\Generators">
      <UniqueIdentifier>{e1062f18-6367-4df1-bb5e-750832f61498}</UniqueIdentifier>
    </Filter>
    <Filter Include="Заголовочные файлы\Range\Output">
      <UniqueIdentifier>{cea0ca45-06b6-416d-9741-00a68f3e22b7}</UniqueIdentifier>
    </Filter>
    <Filter Include="Заголовочные файлы\Range\Generators">
      <UniqueIdentifier>{320b004e-b8b9-45b2-ae1d-a2755ff9ace3}</UniqueIdentifier>
    </Filter>
    <Filter Include="Заголовочные файлы\Range\Decorators">
      <UniqueIdentifier>{76bb0ac1-a878-4376-af22-513315b37001}</UniqueIdentifier>
    </Filter>
    <Filter Include="Заголовочные файлы\Range\Compositors">
      <UniqueIdentifier>{3e856218-df72-4b84-8045-3ffd29fe27f2}</UniqueIdentifier>
    </Filter>
    <Filter Include="Заголовочные файлы\Range\Polymorphic">
      <UniqueIdentifier>{16703970-6f61-403a-82cf-34c3343267ee}</UniqueIdentifier>
    </Filter>
    <Filter Include="Заголовочные файлы\Range\Iterator">
      <UniqueIdentifier>{77a33983-42c6-4382-b913-cf56f4c5e0bb}</UniqueIdentifier>
    </Filter>
    <Filter Include="Заголовочные файлы\Range\Special">
      <UniqueIdentifier>{1fc171a6-0995-40da-b806-90dea19b84a3}</UniqueIdentifier>
    </Filter>
    <Filter Include="Заголовочные файлы\Thread">
      <UniqueIdentifier>{6c087732-b67b-44aa-8cf7-e9a0e509dc66}</UniqueIdentifier>
    </Filter>
    <Filter Include="Файлы исходного кода\Thread">
      <UniqueIdentifier>{bb8065df-8e4e-4121-b1a4-ff03272211e7}</UniqueIdentifier>
    </Filter>
    <Filter Include="Файлы исходного кода\Range\Special">
      <UniqueIdentifier>{4f8cefa6-c55a-4909-83e6-9fb1242332d4}</UniqueIdentifier>
    </Filter>
    <Filter Include="Заголовочные файлы\Memory\Allocator">
      <UniqueIdentifier>{9683daa2-fb7c-4168-b311-19a3ffe9f64a}</UniqueIdentifier>
    </Filter>
    <Filter Include="Заголовочные файлы\Memory\SmartRef">
      <UniqueIdentifier>{a2823e5a-ce7a-44ec-aecc-477d2389421e}</UniqueIdentifier>
    </Filter>
    <Filter Include="Заголовочные файлы\Memory\Allocator\Compositors">
      <UniqueIdentifier>{a3811e4b-fc19-4160-b46e-03821c62f05c}</UniqueIdentifier>
    </Filter>
    <Filter Include="Заголовочные файлы\Memory\Allocator\Decorators">
      <UniqueIdentifier>{dfa3e87c-a2ba-4a1e-b756-b0c34e90eb02}</UniqueIdentifier>
    </Filter>
    <Filter Include="Заголовочные файлы\Algo\Comparison">
      <UniqueIdentifier>{1cf82e5a-44b4-4bc9-b2a1-73b45ee2cf21}</UniqueIdentifier>
    </Filter>
    <Filter Include="Файлы исходного кода\Memory\Allocator">
      <UniqueIdentifier>{d7908f3a-5e08-4b9d-8d1c-a66a96af1172}</UniqueIdentifier>
    </Filter>
    <Filter Include="Заголовочные файлы\Data\Serialization">
      <UniqueIdentifier>{9331cee4-2632-4495-8ad7-77bddb0d2e7b}</UniqueIdentifier>
    </Filter>
    <Filter Include="Заголовочные файлы\Memory\Allocator\Basic">
      <UniqueIdentifier>{bd127a97-2372-4249-b593-872854c36b75}</UniqueIdentifier>
    </Filter>
    <Filter Include="Файлы исходного кода\Memory\Allocator\Basic">
      <UniqueIdentifier>{91a6d889-e4f3-4487-9cb5-8a416a423cac}</UniqueIdentifier>
    </Filter>
    <Filter Include="Файлы исходного кода\Data\Serialization">
      <UniqueIdentifier>{8ce6fd71-5f3f-4a1d-aaea-088a709eca04}</UniqueIdentifier>
    </Filter>
    <Filter Include="Заголовочные файлы\Algo\Raw">
      <UniqueIdentifier>{f458f0f0-4a0f-4663-b20c-0bca4702b697}</UniqueIdentifier>
    </Filter>
    <Filter Include="Заголовочные файлы\Container">
      <UniqueIdentifier>{67a2aac7-835a-46b7-9ca1-1e07b7b2dcc4}</UniqueIdentifier>
    </Filter>
    <Filter Include="Заголовочные файлы\Container\Associative">
      <UniqueIdentifier>{8c0097fa-43d3-4457-baa9-d067a411d143}</UniqueIdentifier>
    </Filter>
    <Filter Include="Заголовочные файлы\Container\Sequential">
      <UniqueIdentifier>{575c6701-7c2c-4c6b-bacf-011fcb4cb985}</UniqueIdentifier>
    </Filter>
    <Filter Include="Заголовочные файлы\Container\Utility">
      <UniqueIdentifier>{ddc01ba1-094f-4785-873d-ad6b857b7c99}</UniqueIdentifier>
    </Filter>
    <Filter Include="Заголовочные файлы\Container\Operations">
      <UniqueIdentifier>{50ae5bde-be45-4742-914b-9e8e37c8bcc9}</UniqueIdentifier>
    </Filter>
    <Filter Include="Файлы исходного кода\Container">
      <UniqueIdentifier>{8ac3372f-53e6-4f3f-ad54-85015b4abc4a}</UniqueIdentifier>
    </Filter>
    <Filter Include="Заголовочные файлы\Range\Stream">
      <UniqueIdentifier>{5f03e135-27ac-4500-96bd-78aec12c876a}</UniqueIdentifier>
    </Filter>
  </ItemGroup>
  <ItemGroup>
    <ClCompile Include="src\Memory\Memory.cpp">
      <Filter>Файлы исходного кода\Memory</Filter>
    </ClCompile>
    <ClCompile Include="src\Platform\HardwareInfo.cpp">
      <Filter>Файлы исходного кода\Platform</Filter>
    </ClCompile>
    <ClCompile Include="src\IO\LogSystem.cpp">
      <Filter>Файлы исходного кода\IO</Filter>
    </ClCompile>
    <ClCompile Include="src\Math\Random.cpp">
      <Filter>Файлы исходного кода\Math</Filter>
    </ClCompile>
    <ClCompile Include="src\Math\Shapes.cpp">
      <Filter>Файлы исходного кода\Math</Filter>
    </ClCompile>
    <ClCompile Include="src\Data\BinarySerialization.cpp">
      <Filter>Файлы исходного кода\Data</Filter>
    </ClCompile>
    <ClCompile Include="src\Data\Reflection.cpp">
      <Filter>Файлы исходного кода\Data</Filter>
    </ClCompile>
    <ClCompile Include="src\Data\ValueType.cpp">
      <Filter>Файлы исходного кода\Data</Filter>
    </ClCompile>
    <ClCompile Include="src\Data\Variable.cpp">
      <Filter>Файлы исходного кода\Data</Filter>
    </ClCompile>
    <ClCompile Include="src\IO\Stream.cpp">
      <Filter>Файлы исходного кода\IO</Filter>
    </ClCompile>
    <ClCompile Include="src\Memory\VirtualMemory.cpp">
      <Filter>Файлы исходного кода\Memory</Filter>
    </ClCompile>
    <ClCompile Include="src\IO\Networking.cpp">
      <Filter>Файлы исходного кода\IO</Filter>
    </ClCompile>
    <ClCompile Include="src\Data\Object.cpp">
      <Filter>Файлы исходного кода\Data</Filter>
    </ClCompile>
    <ClCompile Include="src\Algo\Reduction.cpp">
      <Filter>Файлы исходного кода\Algo</Filter>
    </ClCompile>
    <ClCompile Include="src\Algo\Mutation\Transform.cpp">
      <Filter>Файлы исходного кода\Algo\Mutation</Filter>
    </ClCompile>
    <ClCompile Include="src\Algo\String\Ascii.cpp">
      <Filter>Файлы исходного кода\Algo\String</Filter>
    </ClCompile>
    <ClCompile Include="src\Algo\Mutation\Copy.cpp">
      <Filter>Файлы исходного кода\Algo\Mutation</Filter>
    </ClCompile>
    <ClCompile Include="src\Algo\String\Path.cpp">
      <Filter>Файлы исходного кода\Algo\String</Filter>
    </ClCompile>
    <ClCompile Include="src\Algo\Hash\Murmur.cpp">
      <Filter>Файлы исходного кода\Algo\Hash</Filter>
    </ClCompile>
    <ClCompile Include="src\Platform\Environment.cpp">
      <Filter>Файлы исходного кода\Platform</Filter>
    </ClCompile>
    <ClCompile Include="src\Platform\Runtime.cpp">
      <Filter>Файлы исходного кода\Platform</Filter>
    </ClCompile>
    <ClCompile Include="src\Platform\Time.cpp">
      <Filter>Файлы исходного кода\Platform</Filter>
    </ClCompile>
    <ClCompile Include="src\Utils\AsciiSet.cpp">
      <Filter>Файлы исходного кода\Utils</Filter>
    </ClCompile>
    <ClCompile Include="src\Thread\Job.cpp">
      <Filter>Файлы исходного кода\Thread</Filter>
    </ClCompile>
    <ClCompile Include="src\Thread\Thread.cpp">
      <Filter>Файлы исходного кода\Thread</Filter>
    </ClCompile>
    <ClCompile Include="src\Range\Special\Unicode.cpp">
      <Filter>Файлы исходного кода\Range\Special</Filter>
    </ClCompile>
    <ClCompile Include="src\IntraCore.cc">
      <Filter>Файлы исходного кода</Filter>
    </ClCompile>
    <ClCompile Include="src\Math\Math.cpp">
      <Filter>Файлы исходного кода\Math</Filter>
    </ClCompile>
    <ClCompile Include="src\Memory\Allocator\System.cpp">
      <Filter>Файлы исходного кода\Memory\Allocator</Filter>
    </ClCompile>
    <ClCompile Include="src\Platform\MessageBox.cpp">
      <Filter>Файлы исходного кода\Platform</Filter>
    </ClCompile>
    <ClCompile Include="src\Platform\Debug.cpp">
      <Filter>Файлы исходного кода\Platform</Filter>
    </ClCompile>
    <ClCompile Include="src\Platform\Errors.cpp">
      <Filter>Файлы исходного кода\Platform</Filter>
    </ClCompile>
    <ClCompile Include="src\Memory\Allocator\Basic\Pool.cpp">
      <Filter>Файлы исходного кода\Memory\Allocator\Basic</Filter>
    </ClCompile>
    <ClCompile Include="src\Memory\Allocator\Basic\Stack.cpp">
      <Filter>Файлы исходного кода\Memory\Allocator\Basic</Filter>
    </ClCompile>
    <ClCompile Include="src\Data\Serialization\LanguageParams.cpp">
      <Filter>Файлы исходного кода\Data\Serialization</Filter>
    </ClCompile>
    <ClCompile Include="src\Data\Serialization\TextSerializerParams.cpp">
      <Filter>Файлы исходного кода\Data\Serialization</Filter>
    </ClCompile>
    <ClCompile Include="src\Test\PerfSummary.cpp">
      <Filter>Файлы исходного кода\Test</Filter>
    </ClCompile>
    <ClCompile Include="src\Test\TestGroup.cpp">
      <Filter>Файлы исходного кода\Test</Filter>
    </ClCompile>
    <ClCompile Include="src\Memory\Allocator\Global.cpp">
      <Filter>Файлы исходного кода\Memory\Allocator</Filter>
    </ClCompile>
    <ClCompile Include="src\IO\ConsoleWriter.cpp">
      <Filter>Файлы исходного кода\IO</Filter>
    </ClCompile>
    <ClCompile Include="src\IO\HtmlWriter.cpp">
      <Filter>Файлы исходного кода\IO</Filter>
    </ClCompile>
    <ClCompile Include="src\IO\FileSystem.cpp">
      <Filter>Файлы исходного кода\IO</Filter>
    </ClCompile>
    <ClCompile Include="src\IO\FileMapping.cpp">
      <Filter>Файлы исходного кода\IO</Filter>
    </ClCompile>
    <ClCompile Include="src\IO\OsFile.cpp">
      <Filter>Файлы исходного кода\IO</Filter>
    </ClCompile>
  </ItemGroup>
  <ItemGroup>
    <ClInclude Include="include\Utils\Callback.h">
      <Filter>Заголовочные файлы\Utils</Filter>
    </ClInclude>
    <ClInclude Include="include\Platform\Endianess.h">
      <Filter>Заголовочные файлы\Platform</Filter>
    </ClInclude>
    <ClInclude Include="include\Math\Fixed.h">
      <Filter>Заголовочные файлы\Math</Filter>
    </ClInclude>
    <ClInclude Include="include\Platform\HardwareInfo.h">
      <Filter>Заголовочные файлы\Platform</Filter>
    </ClInclude>
    <ClInclude Include="include\Math\MathRanges.h">
      <Filter>Заголовочные файлы\Math</Filter>
    </ClInclude>
    <ClInclude Include="include\Math\Matrix.h">
      <Filter>Заголовочные файлы\Math</Filter>
    </ClInclude>
    <ClInclude Include="include\Math\LinAl.h">
      <Filter>Заголовочные файлы\Math</Filter>
    </ClInclude>
    <ClInclude Include="include\IO\LogSystem.h">
      <Filter>Заголовочные файлы\IO</Filter>
    </ClInclude>
    <ClInclude Include="include\Meta\Mixins.h">
      <Filter>Заголовочные файлы\Meta</Filter>
    </ClInclude>
    <ClInclude Include="include\IO\Networking.h">
      <Filter>Заголовочные файлы\IO</Filter>
    </ClInclude>
    <ClInclude Include="include\Utils\Optional.h">
      <Filter>Заголовочные файлы\Utils</Filter>
    </ClInclude>
    <ClInclude Include="include\Platform\PlatformInfo.h">
      <Filter>Заголовочные файлы\Platform</Filter>
    </ClInclude>
    <ClInclude Include="include\Meta\Preprocessor.h">
      <Filter>Заголовочные файлы\Meta</Filter>
    </ClInclude>
    <ClInclude Include="include\Math\Quaternion.h">
      <Filter>Заголовочные файлы\Math</Filter>
    </ClInclude>
    <ClInclude Include="include\Math\Random.h">
      <Filter>Заголовочные файлы\Math</Filter>
    </ClInclude>
    <ClInclude Include="include\Data\Reflection.h">
      <Filter>Заголовочные файлы\Data</Filter>
    </ClInclude>
    <ClInclude Include="include\Math\Simd.h">
      <Filter>Заголовочные файлы\Math</Filter>
    </ClInclude>
    <ClInclude Include="include\Math\Shapes.h">
      <Filter>Заголовочные файлы\Math</Filter>
    </ClInclude>
    <ClInclude Include="include\IO\Stream.h">
      <Filter>Заголовочные файлы\IO</Filter>
    </ClInclude>
    <ClInclude Include="include\Meta\Tuple.h">
      <Filter>Заголовочные файлы\Meta</Filter>
    </ClInclude>
    <ClInclude Include="include\Meta\TypeList.h">
      <Filter>Заголовочные файлы\Meta</Filter>
    </ClInclude>
    <ClInclude Include="include\Meta\Type.h">
      <Filter>Заголовочные файлы\Meta</Filter>
    </ClInclude>
    <ClInclude Include="include\Data\ValueType.h">
      <Filter>Заголовочные файлы\Data</Filter>
    </ClInclude>
    <ClInclude Include="include\Data\Variable.h">
      <Filter>Заголовочные файлы\Data</Filter>
    </ClInclude>
    <ClInclude Include="include\Math\Vector.h">
      <Filter>Заголовочные файлы\Math</Filter>
    </ClInclude>
    <ClInclude Include="include\Math\Bit.h">
      <Filter>Заголовочные файлы\Math</Filter>
    </ClInclude>
    <ClInclude Include="include\Data\Object.h">
      <Filter>Заголовочные файлы\Data</Filter>
    </ClInclude>
    <ClInclude Include="include\Range\Concepts.h">
      <Filter>Заголовочные файлы\Range</Filter>
    </ClInclude>
    <ClInclude Include="include\Range\TupleOperation.h">
      <Filter>Заголовочные файлы\Range</Filter>
    </ClInclude>
    <ClInclude Include="include\Range\ForwardDecls.h">
      <Filter>Заголовочные файлы\Range</Filter>
    </ClInclude>
    <ClInclude Include="include\Range\Operations.h">
      <Filter>Заголовочные файлы\Range</Filter>
    </ClInclude>
    <ClInclude Include="include\Algo\Op.h">
      <Filter>Заголовочные файлы\Algo</Filter>
    </ClInclude>
    <ClInclude Include="include\Algo\Reduction.h">
      <Filter>Заголовочные файлы\Algo</Filter>
    </ClInclude>
    <ClInclude Include="include\Algo\Sort\Heap.h">
      <Filter>Заголовочные файлы\Algo\Sort</Filter>
    </ClInclude>
    <ClInclude Include="include\Algo\Sort\Insertion.h">
      <Filter>Заголовочные файлы\Algo\Sort</Filter>
    </ClInclude>
    <ClInclude Include="include\Algo\Sort\IsSorted.h">
      <Filter>Заголовочные файлы\Algo\Sort</Filter>
    </ClInclude>
    <ClInclude Include="include\Algo\Sort\Merge.h">
      <Filter>Заголовочные файлы\Algo\Sort</Filter>
    </ClInclude>
    <ClInclude Include="include\Algo\Sort\Quick.h">
      <Filter>Заголовочные файлы\Algo\Sort</Filter>
    </ClInclude>
    <ClInclude Include="include\Algo\Sort\Radix.h">
      <Filter>Заголовочные файлы\Algo\Sort</Filter>
    </ClInclude>
    <ClInclude Include="include\Algo\Sort\Selection.h">
      <Filter>Заголовочные файлы\Algo\Sort</Filter>
    </ClInclude>
    <ClInclude Include="include\Algo\Mutation\Copy.h">
      <Filter>Заголовочные файлы\Algo\Mutation</Filter>
    </ClInclude>
    <ClInclude Include="include\Algo\Mutation\Remove.h">
      <Filter>Заголовочные файлы\Algo\Mutation</Filter>
    </ClInclude>
    <ClInclude Include="include\Algo\Mutation\Transform.h">
      <Filter>Заголовочные файлы\Algo\Mutation</Filter>
    </ClInclude>
    <ClInclude Include="include\Algo\String\Ascii.h">
      <Filter>Заголовочные файлы\Algo\String</Filter>
    </ClInclude>
    <ClInclude Include="include\Algo\String\Escape.h">
      <Filter>Заголовочные файлы\Algo\String</Filter>
    </ClInclude>
    <ClInclude Include="include\Algo\String\Parse.h">
      <Filter>Заголовочные файлы\Algo\String</Filter>
    </ClInclude>
    <ClInclude Include="include\Algo\Search\Binary.h">
      <Filter>Заголовочные файлы\Algo\Search</Filter>
    </ClInclude>
    <ClInclude Include="include\Algo\Search\Single.h">
      <Filter>Заголовочные файлы\Algo\Search</Filter>
    </ClInclude>
    <ClInclude Include="include\Algo\Search\Subrange.h">
      <Filter>Заголовочные файлы\Algo\Search</Filter>
    </ClInclude>
    <ClInclude Include="include\Algo\Search\Trim.h">
      <Filter>Заголовочные файлы\Algo\Search</Filter>
    </ClInclude>
    <ClInclude Include="include\Algo\Mutation\Replace.h">
      <Filter>Заголовочные файлы\Algo\Mutation</Filter>
    </ClInclude>
    <ClInclude Include="include\Algo\String\Spaces.h">
      <Filter>Заголовочные файлы\Algo\String</Filter>
    </ClInclude>
    <ClInclude Include="include\Algo\Mutation\Fill.h">
      <Filter>Заголовочные файлы\Algo\Mutation</Filter>
    </ClInclude>
    <ClInclude Include="include\Algo\Mutation\ReplaceSubrange.h">
      <Filter>Заголовочные файлы\Algo\Mutation</Filter>
    </ClInclude>
    <ClInclude Include="include\Algo\String\CStr.h">
      <Filter>Заголовочные файлы\Algo\String</Filter>
    </ClInclude>
    <ClInclude Include="include\Algo\String\Path.h">
      <Filter>Заголовочные файлы\Algo\String</Filter>
    </ClInclude>
    <ClInclude Include="include\Algo\Hash\Murmur.h">
      <Filter>Заголовочные файлы\Algo\Hash</Filter>
    </ClInclude>
    <ClInclude Include="include\Algo\Hash\MurmurCT.h">
      <Filter>Заголовочные файлы\Algo\Hash</Filter>
    </ClInclude>
    <ClInclude Include="include\Algo\Hash\Types.h">
      <Filter>Заголовочные файлы\Algo\Hash</Filter>
    </ClInclude>
    <ClInclude Include="include\Algo\Hash\StringHash.h">
      <Filter>Заголовочные файлы\Algo\Hash</Filter>
    </ClInclude>
    <ClInclude Include="include\Algo\Hash\ToHash.h">
      <Filter>Заголовочные файлы\Algo\Hash</Filter>
    </ClInclude>
    <ClInclude Include="include\Platform\Compatibility.h">
      <Filter>Заголовочные файлы\Platform</Filter>
    </ClInclude>
    <ClInclude Include="include\Platform\CppFeatures.h">
      <Filter>Заголовочные файлы\Platform</Filter>
    </ClInclude>
    <ClInclude Include="include\Platform\CppWarnings.h">
      <Filter>Заголовочные файлы\Platform</Filter>
    </ClInclude>
    <ClInclude Include="include\Platform\Environment.h">
      <Filter>Заголовочные файлы\Platform</Filter>
    </ClInclude>
    <ClInclude Include="include\Platform\InitializerList.h">
      <Filter>Заголовочные файлы\Platform</Filter>
    </ClInclude>
    <ClInclude Include="include\Platform\Intrinsics.h">
      <Filter>Заголовочные файлы\Platform</Filter>
    </ClInclude>
    <ClInclude Include="include\Platform\SharedLib.h">
      <Filter>Заголовочные файлы\Platform</Filter>
    </ClInclude>
    <ClInclude Include="include\Platform\StdLibDefines.h">
      <Filter>Заголовочные файлы\Platform</Filter>
    </ClInclude>
    <ClInclude Include="include\Platform\Time.h">
      <Filter>Заголовочные файлы\Platform</Filter>
    </ClInclude>
    <ClInclude Include="include\Meta\EachField.h">
      <Filter>Заголовочные файлы\Meta</Filter>
    </ClInclude>
    <ClInclude Include="include\Meta\Operators.h">
      <Filter>Заголовочные файлы\Meta</Filter>
    </ClInclude>
    <ClInclude Include="include\Range\Output\Inserter.h">
      <Filter>Заголовочные файлы\Range\Output</Filter>
    </ClInclude>
    <ClInclude Include="include\Range\Generators\ArrayRange.h">
      <Filter>Заголовочные файлы\Range\Generators</Filter>
    </ClInclude>
    <ClInclude Include="include\Range\Generators\Count.h">
      <Filter>Заголовочные файлы\Range\Generators</Filter>
    </ClInclude>
    <ClInclude Include="include\Range\Generators\Generate.h">
      <Filter>Заголовочные файлы\Range\Generators</Filter>
    </ClInclude>
    <ClInclude Include="include\Range\Generators\Iota.h">
      <Filter>Заголовочные файлы\Range\Generators</Filter>
    </ClInclude>
    <ClInclude Include="include\Range\Generators\ListRange.h">
      <Filter>Заголовочные файлы\Range\Generators</Filter>
    </ClInclude>
    <ClInclude Include="include\Range\Generators\Null.h">
      <Filter>Заголовочные файлы\Range\Generators</Filter>
    </ClInclude>
    <ClInclude Include="include\Range\Generators\Recurrence.h">
      <Filter>Заголовочные файлы\Range\Generators</Filter>
    </ClInclude>
    <ClInclude Include="include\Range\Generators\Repeat.h">
      <Filter>Заголовочные файлы\Range\Generators</Filter>
    </ClInclude>
    <ClInclude Include="include\Range\Generators\Sequence.h">
      <Filter>Заголовочные файлы\Range\Generators</Filter>
    </ClInclude>
    <ClInclude Include="include\Range\Generators\StringView.h">
      <Filter>Заголовочные файлы\Range\Generators</Filter>
    </ClInclude>
    <ClInclude Include="include\Range\Decorators\Cycle.h">
      <Filter>Заголовочные файлы\Range\Decorators</Filter>
    </ClInclude>
    <ClInclude Include="include\Range\Decorators\Filter.h">
      <Filter>Заголовочные файлы\Range\Decorators</Filter>
    </ClInclude>
    <ClInclude Include="include\Range\Decorators\Map.h">
      <Filter>Заголовочные файлы\Range\Decorators</Filter>
    </ClInclude>
    <ClInclude Include="include\Range\Decorators\Retro.h">
      <Filter>Заголовочные файлы\Range\Decorators</Filter>
    </ClInclude>
    <ClInclude Include="include\Range\Decorators\Split.h">
      <Filter>Заголовочные файлы\Range\Decorators</Filter>
    </ClInclude>
    <ClInclude Include="include\Range\Decorators\Stride.h">
      <Filter>Заголовочные файлы\Range\Decorators</Filter>
    </ClInclude>
    <ClInclude Include="include\Range\Decorators\Take.h">
      <Filter>Заголовочные файлы\Range\Decorators</Filter>
    </ClInclude>
    <ClInclude Include="include\Range\Decorators\TakeUntil.h">
      <Filter>Заголовочные файлы\Range\Decorators</Filter>
    </ClInclude>
    <ClInclude Include="include\Range\Decorators\TakeUntilAny.h">
      <Filter>Заголовочные файлы\Range\Decorators</Filter>
    </ClInclude>
    <ClInclude Include="include\Range\Decorators\Transversal.h">
      <Filter>Заголовочные файлы\Range\Decorators</Filter>
    </ClInclude>
    <ClInclude Include="include\Range\Compositors\AssociativeRange.h">
      <Filter>Заголовочные файлы\Range\Compositors</Filter>
    </ClInclude>
    <ClInclude Include="include\Range\Compositors\Chain.h">
      <Filter>Заголовочные файлы\Range\Compositors</Filter>
    </ClInclude>
    <ClInclude Include="include\Range\Compositors\Choose.h">
      <Filter>Заголовочные файлы\Range\Compositors</Filter>
    </ClInclude>
    <ClInclude Include="include\Range\Compositors\Indexed.h">
      <Filter>Заголовочные файлы\Range\Compositors</Filter>
    </ClInclude>
    <ClInclude Include="include\Range\Compositors\RoundRobin.h">
      <Filter>Заголовочные файлы\Range\Compositors</Filter>
    </ClInclude>
    <ClInclude Include="include\Range\AsRange.h">
      <Filter>Заголовочные файлы\Range</Filter>
    </ClInclude>
    <ClInclude Include="include\Range\Special\SparseRange.h">
      <Filter>Заголовочные файлы\Range\Special</Filter>
    </ClInclude>
    <ClInclude Include="include\Range\Special\Unicode.h">
      <Filter>Заголовочные файлы\Range\Special</Filter>
    </ClInclude>
    <ClInclude Include="include\Range\Iterator\IteratorConcepts.h">
      <Filter>Заголовочные файлы\Range\Iterator</Filter>
    </ClInclude>
    <ClInclude Include="include\Range\Iterator\IteratorRange.h">
      <Filter>Заголовочные файлы\Range\Iterator</Filter>
    </ClInclude>
    <ClInclude Include="include\Range\Iterator\RangeIterator.h">
      <Filter>Заголовочные файлы\Range\Iterator</Filter>
    </ClInclude>
    <ClInclude Include="include\Utils\AsciiSet.h">
      <Filter>Заголовочные файлы\Utils</Filter>
    </ClInclude>
    <ClInclude Include="include\Algo.hh">
      <Filter>Заголовочные файлы</Filter>
    </ClInclude>
    <ClInclude Include="include\Data.hh">
      <Filter>Заголовочные файлы</Filter>
    </ClInclude>
    <ClInclude Include="include\IntraCore.hh">
      <Filter>Заголовочные файлы</Filter>
    </ClInclude>
    <ClInclude Include="include\IO.hh">
      <Filter>Заголовочные файлы</Filter>
    </ClInclude>
    <ClInclude Include="include\Math.hh">
      <Filter>Заголовочные файлы</Filter>
    </ClInclude>
    <ClInclude Include="include\Memory.hh">
      <Filter>Заголовочные файлы</Filter>
    </ClInclude>
    <ClInclude Include="include\Meta.hh">
      <Filter>Заголовочные файлы</Filter>
    </ClInclude>
    <ClInclude Include="include\Platform.hh">
      <Filter>Заголовочные файлы</Filter>
    </ClInclude>
    <ClInclude Include="include\Range.hh">
      <Filter>Заголовочные файлы</Filter>
    </ClInclude>
    <ClInclude Include="include\Test.hh">
      <Filter>Заголовочные файлы</Filter>
    </ClInclude>
    <ClInclude Include="include\Thread.hh">
      <Filter>Заголовочные файлы</Filter>
    </ClInclude>
    <ClInclude Include="include\Utils.hh">
      <Filter>Заголовочные файлы</Filter>
    </ClInclude>
    <ClInclude Include="include\Thread\Atomic.h">
      <Filter>Заголовочные файлы\Thread</Filter>
    </ClInclude>
    <ClInclude Include="include\Thread\Job.h">
      <Filter>Заголовочные файлы\Thread</Filter>
    </ClInclude>
    <ClInclude Include="include\Thread\Thread.h">
      <Filter>Заголовочные файлы\Thread</Filter>
    </ClInclude>
    <ClInclude Include="include\Algo\Hash.hh">
      <Filter>Заголовочные файлы\Algo</Filter>
    </ClInclude>
    <ClInclude Include="include\Algo\Mutation.hh">
      <Filter>Заголовочные файлы\Algo</Filter>
    </ClInclude>
    <ClInclude Include="include\Algo\Search.hh">
      <Filter>Заголовочные файлы\Algo</Filter>
    </ClInclude>
    <ClInclude Include="include\Algo\Sort.hh">
      <Filter>Заголовочные файлы\Algo</Filter>
    </ClInclude>
    <ClInclude Include="include\Algo\String.hh">
      <Filter>Заголовочные файлы\Algo</Filter>
    </ClInclude>
    <ClInclude Include="include\Range\Polymorphic\BidirectionalRange.h">
      <Filter>Заголовочные файлы\Range\Polymorphic</Filter>
    </ClInclude>
    <ClInclude Include="include\Range\Polymorphic\ForwardRange.h">
      <Filter>Заголовочные файлы\Range\Polymorphic</Filter>
    </ClInclude>
    <ClInclude Include="include\Range\Polymorphic\InputRange.h">
      <Filter>Заголовочные файлы\Range\Polymorphic</Filter>
    </ClInclude>
    <ClInclude Include="include\Range\Polymorphic\RandomAccessRange.h">
      <Filter>Заголовочные файлы\Range\Polymorphic</Filter>
    </ClInclude>
    <ClInclude Include="include\Range\Compositors.hh">
      <Filter>Заголовочные файлы\Range</Filter>
    </ClInclude>
    <ClInclude Include="include\Range\Decorators.hh">
      <Filter>Заголовочные файлы\Range</Filter>
    </ClInclude>
    <ClInclude Include="include\Range\Generators.hh">
      <Filter>Заголовочные файлы\Range</Filter>
    </ClInclude>
    <ClInclude Include="include\Range\Iterator.hh">
      <Filter>Заголовочные файлы\Range</Filter>
    </ClInclude>
    <ClInclude Include="include\Range\Polymorphic.hh">
      <Filter>Заголовочные файлы\Range</Filter>
    </ClInclude>
    <ClInclude Include="include\Range\Special.hh">
      <Filter>Заголовочные файлы\Range</Filter>
    </ClInclude>
    <ClInclude Include="include\Math\Math.h">
      <Filter>Заголовочные файлы\Math</Filter>
    </ClInclude>
    <ClInclude Include="include\Memory\Align.h">
      <Filter>Заголовочные файлы\Memory</Filter>
    </ClInclude>
    <ClInclude Include="include\Memory\Allocator.hh">
      <Filter>Заголовочные файлы\Memory</Filter>
    </ClInclude>
    <ClInclude Include="include\Memory\Memory.h">
      <Filter>Заголовочные файлы\Memory</Filter>
    </ClInclude>
    <ClInclude Include="include\Memory\PlacementNew.h">
      <Filter>Заголовочные файлы\Memory</Filter>
    </ClInclude>
    <ClInclude Include="include\Memory\SmartRef.hh">
      <Filter>Заголовочные файлы\Memory</Filter>
    </ClInclude>
    <ClInclude Include="include\Memory\VirtualMemory.h">
      <Filter>Заголовочные файлы\Memory</Filter>
    </ClInclude>
    <ClInclude Include="include\Memory\Allocator\AllocatorRef.h">
      <Filter>Заголовочные файлы\Memory\Allocator</Filter>
    </ClInclude>
    <ClInclude Include="include\Memory\Allocator\Compositors.hh">
      <Filter>Заголовочные файлы\Memory\Allocator</Filter>
    </ClInclude>
    <ClInclude Include="include\Memory\Allocator\Concepts.h">
      <Filter>Заголовочные файлы\Memory\Allocator</Filter>
    </ClInclude>
    <ClInclude Include="include\Memory\Allocator\Decorators.hh">
      <Filter>Заголовочные файлы\Memory\Allocator</Filter>
    </ClInclude>
    <ClInclude Include="include\Memory\Allocator\Polymorphic.h">
      <Filter>Заголовочные файлы\Memory\Allocator</Filter>
    </ClInclude>
    <ClInclude Include="include\Algo\Search\Recursive.h">
      <Filter>Заголовочные файлы\Algo\Search</Filter>
    </ClInclude>
    <ClInclude Include="include\Algo\Search\Distance.h">
      <Filter>Заголовочные файлы\Algo\Search</Filter>
    </ClInclude>
    <ClInclude Include="include\Algo\Comparison.hh">
      <Filter>Заголовочные файлы\Algo</Filter>
    </ClInclude>
    <ClInclude Include="include\Algo\Comparison\EndsWith.h">
      <Filter>Заголовочные файлы\Algo\Comparison</Filter>
    </ClInclude>
    <ClInclude Include="include\Algo\Comparison\Equals.h">
      <Filter>Заголовочные файлы\Algo\Comparison</Filter>
    </ClInclude>
    <ClInclude Include="include\Algo\Comparison\LexCompare.h">
      <Filter>Заголовочные файлы\Algo\Comparison</Filter>
    </ClInclude>
    <ClInclude Include="include\Algo\Comparison\StartsWith.h">
      <Filter>Заголовочные файлы\Algo\Comparison</Filter>
    </ClInclude>
    <ClInclude Include="include\Algo\Mutation\Cast.h">
      <Filter>Заголовочные файлы\Algo\Mutation</Filter>
    </ClInclude>
    <ClInclude Include="include\Platform\Debug.h">
      <Filter>Заголовочные файлы\Platform</Filter>
    </ClInclude>
    <ClInclude Include="include\Platform\Errors.h">
      <Filter>Заголовочные файлы\Platform</Filter>
    </ClInclude>
    <ClInclude Include="include\Platform\FundamentalTypes.h">
      <Filter>Заголовочные файлы\Platform</Filter>
    </ClInclude>
    <ClInclude Include="include\Platform\MessageBox.h">
      <Filter>Заголовочные файлы\Platform</Filter>
    </ClInclude>
    <ClInclude Include="include\Utils\MiscTypes.h">
      <Filter>Заголовочные файлы\Utils</Filter>
    </ClInclude>
    <ClInclude Include="include\Memory\SmartRef\Shared.h">
      <Filter>Заголовочные файлы\Memory\SmartRef</Filter>
    </ClInclude>
    <ClInclude Include="include\Memory\SmartRef\Unique.h">
      <Filter>Заголовочные файлы\Memory\SmartRef</Filter>
    </ClInclude>
    <ClInclude Include="include\Range\Polymorphic\FiniteForwardRange.h">
      <Filter>Заголовочные файлы\Range\Polymorphic</Filter>
    </ClInclude>
    <ClInclude Include="include\Range\Polymorphic\FiniteInputRange.h">
      <Filter>Заголовочные файлы\Range\Polymorphic</Filter>
    </ClInclude>
    <ClInclude Include="include\Range\Polymorphic\FiniteRandomAccessRange.h">
      <Filter>Заголовочные файлы\Range\Polymorphic</Filter>
    </ClInclude>
    <ClInclude Include="include\Data\Serialization\BinarySerializer.h">
      <Filter>Заголовочные файлы\Data\Serialization</Filter>
    </ClInclude>
    <ClInclude Include="include\Data\Serialization\TextSerializer.h">
      <Filter>Заголовочные файлы\Data\Serialization</Filter>
    </ClInclude>
    <ClInclude Include="include\Data\Serialization\TextSerializerParams.h">
      <Filter>Заголовочные файлы\Data\Serialization</Filter>
    </ClInclude>
    <ClInclude Include="include\Data\Serialization\BinaryDeserializer.h">
      <Filter>Заголовочные файлы\Data\Serialization</Filter>
    </ClInclude>
    <ClInclude Include="include\Data\Serialization\TextDeserializer.h">
      <Filter>Заголовочные файлы\Data\Serialization</Filter>
    </ClInclude>
    <ClInclude Include="include\Algo\ForEach.h">
      <Filter>Заголовочные файлы\Algo</Filter>
    </ClInclude>
    <ClInclude Include="include\Data\Serialization.hh">
      <Filter>Заголовочные файлы\Data</Filter>
    </ClInclude>
    <ClInclude Include="include\Algo\String\MaxLengthOfToString.h">
      <Filter>Заголовочные файлы\Algo\String</Filter>
    </ClInclude>
    <ClInclude Include="include\Algo\String\ToStringArithmetic.h">
      <Filter>Заголовочные файлы\Algo\String</Filter>
    </ClInclude>
    <ClInclude Include="include\Range\Compositors\Zip.h">
      <Filter>Заголовочные файлы\Range\Compositors</Filter>
    </ClInclude>
    <ClInclude Include="include\Algo\String\ToString.h">
      <Filter>Заголовочные файлы\Algo\String</Filter>
    </ClInclude>
    <ClInclude Include="include\Memory\Allocator\Decorators\BoundsChecked.h">
      <Filter>Заголовочные файлы\Memory\Allocator\Decorators</Filter>
    </ClInclude>
    <ClInclude Include="include\Memory\Allocator\Decorators\CallOnFail.h">
      <Filter>Заголовочные файлы\Memory\Allocator\Decorators</Filter>
    </ClInclude>
    <ClInclude Include="include\Memory\Allocator\Decorators\Counted.h">
      <Filter>Заголовочные файлы\Memory\Allocator\Decorators</Filter>
    </ClInclude>
    <ClInclude Include="include\Memory\Allocator\Decorators\Synchronized.h">
      <Filter>Заголовочные файлы\Memory\Allocator\Decorators</Filter>
    </ClInclude>
    <ClInclude Include="include\Memory\Allocator\Decorators\Sized.h">
      <Filter>Заголовочные файлы\Memory\Allocator\Decorators</Filter>
    </ClInclude>
    <ClInclude Include="include\Memory\Allocator\Decorators\Static.h">
      <Filter>Заголовочные файлы\Memory\Allocator\Decorators</Filter>
    </ClInclude>
    <ClInclude Include="include\Memory\Allocator\Basic\Linear.h">
      <Filter>Заголовочные файлы\Memory\Allocator\Basic</Filter>
    </ClInclude>
    <ClInclude Include="include\Memory\Allocator\Basic\Pool.h">
      <Filter>Заголовочные файлы\Memory\Allocator\Basic</Filter>
    </ClInclude>
    <ClInclude Include="include\Memory\Allocator\Basic\Stack.h">
      <Filter>Заголовочные файлы\Memory\Allocator\Basic</Filter>
    </ClInclude>
    <ClInclude Include="include\Memory\Allocator\Decorators\GrowingPool.h">
      <Filter>Заголовочные файлы\Memory\Allocator\Decorators</Filter>
    </ClInclude>
    <ClInclude Include="include\Memory\Allocator\Basic.hh">
      <Filter>Заголовочные файлы\Memory\Allocator</Filter>
    </ClInclude>
    <ClInclude Include="include\Memory\Allocator\System.h">
      <Filter>Заголовочные файлы\Memory\Allocator</Filter>
    </ClInclude>
    <ClInclude Include="include\Data\Serialization\LanguageParams.h">
      <Filter>Заголовочные файлы\Data\Serialization</Filter>
    </ClInclude>
    <ClInclude Include="include\Range\Output\OutputArrayRange.h">
      <Filter>Заголовочные файлы\Range\Output</Filter>
    </ClInclude>
    <ClInclude Include="include\Algo\Raw\Read.h">
      <Filter>Заголовочные файлы\Algo\Raw</Filter>
    </ClInclude>
    <ClInclude Include="include\Algo\Raw\Write.h">
      <Filter>Заголовочные файлы\Algo\Raw</Filter>
    </ClInclude>
    <ClInclude Include="include\Range\Decorators\ByLine.h">
      <Filter>Заголовочные файлы\Range\Decorators</Filter>
    </ClInclude>
    <ClInclude Include="include\Range\Decorators\Join.h">
      <Filter>Заголовочные файлы\Range\Decorators</Filter>
    </ClInclude>
    <ClInclude Include="include\Range\Decorators\Chunks.h">
      <Filter>Заголовочные файлы\Range\Decorators</Filter>
    </ClInclude>
    <ClInclude Include="include\Range\Decorators\Buffered.h">
      <Filter>Заголовочные файлы\Range\Decorators</Filter>
    </ClInclude>
    <ClInclude Include="include\Container\Associative.hh">
      <Filter>Заголовочные файлы\Container</Filter>
    </ClInclude>
    <ClInclude Include="include\Container\ForwardDecls.h">
      <Filter>Заголовочные файлы\Container</Filter>
    </ClInclude>
    <ClInclude Include="include\Container\Sequential.hh">
      <Filter>Заголовочные файлы\Container</Filter>
    </ClInclude>
    <ClInclude Include="include\Container\Utility.hh">
      <Filter>Заголовочные файлы\Container</Filter>
    </ClInclude>
    <ClInclude Include="include\Container\Associative\HashMap.h">
      <Filter>Заголовочные файлы\Container\Associative</Filter>
    </ClInclude>
    <ClInclude Include="include\Container\Associative\LinearMap.h">
      <Filter>Заголовочные файлы\Container\Associative</Filter>
    </ClInclude>
    <ClInclude Include="include\Container\Associative\LinearSet.h">
      <Filter>Заголовочные файлы\Container\Associative</Filter>
    </ClInclude>
    <ClInclude Include="include\Container\Utility\Array2D.h">
      <Filter>Заголовочные файлы\Container\Utility</Filter>
    </ClInclude>
    <ClInclude Include="include\Container\Utility\IndexAllocator.h">
      <Filter>Заголовочные файлы\Container\Utility</Filter>
    </ClInclude>
    <ClInclude Include="include\Container\Utility\IntervalAllocator.h">
      <Filter>Заголовочные файлы\Container\Utility</Filter>
    </ClInclude>
    <ClInclude Include="include\Container\Utility\SparseArray.h">
      <Filter>Заголовочные файлы\Container\Utility</Filter>
    </ClInclude>
    <ClInclude Include="include\Container\Utility\SparseHandledArray.h">
      <Filter>Заголовочные файлы\Container\Utility</Filter>
    </ClInclude>
    <ClInclude Include="include\Container\Utility\Tree.h">
      <Filter>Заголовочные файлы\Container\Utility</Filter>
    </ClInclude>
    <ClInclude Include="include\Container\Sequential\Array.h">
      <Filter>Заголовочные файлы\Container\Sequential</Filter>
    </ClInclude>
    <ClInclude Include="include\Container\Sequential\List.h">
      <Filter>Заголовочные файлы\Container\Sequential</Filter>
    </ClInclude>
    <ClInclude Include="include\Container\Sequential\String.h">
      <Filter>Заголовочные файлы\Container\Sequential</Filter>
    </ClInclude>
    <ClInclude Include="include\Container\Sequential\StructureOfArrays.h">
      <Filter>Заголовочные файлы\Container\Sequential</Filter>
    </ClInclude>
    <ClInclude Include="include\Container\Operations\Append.h">
      <Filter>Заголовочные файлы\Container\Operations</Filter>
    </ClInclude>
    <ClInclude Include="include\Container\Operations.hh">
      <Filter>Заголовочные файлы\Container</Filter>
    </ClInclude>
    <ClInclude Include="include\Container\Concepts.h">
      <Filter>Заголовочные файлы\Container</Filter>
    </ClInclude>
    <ClInclude Include="include\Container\Operations\Extension.h">
      <Filter>Заголовочные файлы\Container\Operations</Filter>
    </ClInclude>
    <ClInclude Include="include\Container\Operations\Comparison.h">
      <Filter>Заголовочные файлы\Container\Operations</Filter>
    </ClInclude>
    <ClInclude Include="include\Container\Operations\Info.h">
      <Filter>Заголовочные файлы\Container\Operations</Filter>
    </ClInclude>
    <ClInclude Include="include\Container.hh">
      <Filter>Заголовочные файлы</Filter>
    </ClInclude>
    <ClInclude Include="include\Utils\Delegate.h">
      <Filter>Заголовочные файлы\Utils</Filter>
    </ClInclude>
    <ClInclude Include="include\Utils\Callable.h">
      <Filter>Заголовочные файлы\Utils</Filter>
    </ClInclude>
    <ClInclude Include="include\Container\Sequential\ExtArray.h">
      <Filter>Заголовочные файлы\Container\Sequential</Filter>
    </ClInclude>
    <ClInclude Include="include\Container\Sequential\StringFormatter.h">
      <Filter>Заголовочные файлы\Container\Sequential</Filter>
    </ClInclude>
    <ClInclude Include="include\Test\PerfSummary.h">
      <Filter>Заголовочные файлы\Test</Filter>
    </ClInclude>
    <ClInclude Include="include\Test\TestData.h">
      <Filter>Заголовочные файлы\Test</Filter>
    </ClInclude>
    <ClInclude Include="include\Test\TestGroup.h">
      <Filter>Заголовочные файлы\Test</Filter>
    </ClInclude>
    <ClInclude Include="include\Memory\Allocator\Global.h">
      <Filter>Заголовочные файлы\Memory\Allocator</Filter>
    </ClInclude>
    <ClInclude Include="include\Container\AllForwardDecls.h">
      <Filter>Заголовочные файлы\Container</Filter>
    </ClInclude>
    <ClInclude Include="include\IO\ConsoleWriter.h">
      <Filter>Заголовочные файлы\IO</Filter>
    </ClInclude>
    <ClInclude Include="include\IO\FormattedWriter.h">
      <Filter>Заголовочные файлы\IO</Filter>
    </ClInclude>
    <ClInclude Include="include\IO\HtmlWriter.h">
      <Filter>Заголовочные файлы\IO</Filter>
    </ClInclude>
    <ClInclude Include="include\IO\CompositeFormattedWriter.h">
      <Filter>Заголовочные файлы\IO</Filter>
    </ClInclude>
    <ClInclude Include="include\Range\Compositors\ZipKV.h">
      <Filter>Заголовочные файлы\Range\Compositors</Filter>
    </ClInclude>
    <ClInclude Include="include\Meta\Pair.h">
      <Filter>Заголовочные файлы\Meta</Filter>
    </ClInclude>
    <ClInclude Include="include\Meta\GetField.h">
      <Filter>Заголовочные файлы\Meta</Filter>
    </ClInclude>
    <ClInclude Include="include\Range\Compositors\Unzip.h">
      <Filter>Заголовочные файлы\Range\Compositors</Filter>
    </ClInclude>
    <ClInclude Include="include\IO\FileSystem.h">
      <Filter>Заголовочные файлы\IO</Filter>
    </ClInclude>
    <ClInclude Include="include\IO\FileMapping.h">
      <Filter>Заголовочные файлы\IO</Filter>
    </ClInclude>
    <ClInclude Include="include\IO\OsFile.h">
      <Filter>Заголовочные файлы\IO</Filter>
    </ClInclude>
    <ClInclude Include="include\IO\FileReader.h">
      <Filter>Заголовочные файлы\IO</Filter>
    </ClInclude>
    <ClInclude Include="include\IO\FileWriter.h">
      <Filter>Заголовочные файлы\IO</Filter>
    </ClInclude>
    <ClInclude Include="include\Platform\Runtime.h">
      <Filter>Заголовочные файлы\Platform</Filter>
    </ClInclude>
    <ClInclude Include="include\Range\Stream\InputStreamMixin.h">
      <Filter>Заголовочные файлы\Range\Stream</Filter>
    </ClInclude>
    <ClInclude Include="include\Range\Stream\OutputStreamMixin.h">
      <Filter>Заголовочные файлы\Range\Stream</Filter>
    </ClInclude>
    <ClInclude Include="include\Range\Stream.hh">
      <Filter>Заголовочные файлы\Range</Filter>
    </ClInclude>
    <ClInclude Include="include\Algo\Mutation\CopyUntil.h">
      <Filter>Заголовочные файлы\Algo\Mutation</Filter>
    </ClInclude>
    <ClInclude Include="include\Range\Stream\Operators.h">
      <Filter>Заголовочные файлы\Range\Stream</Filter>
    </ClInclude>
  </ItemGroup>
  <ItemGroup>
    <None Include="natvis\Core.natvis">
      <Filter>natvis</Filter>
    </None>
    <None Include="natvis\Data.natvis">
      <Filter>natvis</Filter>
    </None>
    <None Include="natvis\Math.natvis">
      <Filter>natvis</Filter>
    </None>
    <None Include="include\Range\Special\SparseRange.inl">
      <Filter>Заголовочные файлы\Range\Special</Filter>
    </None>
  </ItemGroup>
  <ItemGroup>
    <Natvis Include="natvis\Containers.natvis">
      <Filter>natvis</Filter>
    </Natvis>
    <Natvis Include="natvis\Meta.natvis">
      <Filter>natvis</Filter>
    </Natvis>
    <Natvis Include="natvis\RangeConstruction.natvis">
      <Filter>natvis</Filter>
    </Natvis>
    <Natvis Include="natvis\RangeIteration.natvis">
      <Filter>natvis</Filter>
    </Natvis>
    <Natvis Include="natvis\RangePolymorphic.natvis">
      <Filter>natvis</Filter>
    </Natvis>
    <Natvis Include="natvis\Range.natvis">
      <Filter>natvis</Filter>
    </Natvis>
    <Natvis Include="natvis\Utils.natvis">
      <Filter>natvis</Filter>
    </Natvis>
  </ItemGroup>
</Project>