<?xml version="1.0" encoding="utf-8"?>
<Project ToolsVersion="4.0" xmlns="http://schemas.microsoft.com/developer/msbuild/2003">
  <ItemGroup>
    <Filter Include="Файлы исходного кода">
      <UniqueIdentifier>{4FC737F1-C7A5-4376-A066-2A32D752A2FF}</UniqueIdentifier>
      <Extensions>cpp;c;cc;cxx;def;odl;idl;hpj;bat;asm;asmx</Extensions>
    </Filter>
    <Filter Include="Заголовочные файлы">
      <UniqueIdentifier>{93995380-89BD-4b04-88EB-625FBE52EBFB}</UniqueIdentifier>
      <Extensions>h;hh;hpp;hxx;hm;inl;inc;xsd</Extensions>
    </Filter>
    <Filter Include="Файлы ресурсов">
      <UniqueIdentifier>{67DA6AB6-F800-4c08-8B7A-83BB121AAD01}</UniqueIdentifier>
      <Extensions>rc;ico;cur;bmp;dlg;rc2;rct;bin;rgs;gif;jpg;jpeg;jpe;resx;tiff;tif;png;wav;mfcribbon-ms</Extensions>
    </Filter>
    <Filter Include="Заголовочные файлы\Audio">
      <UniqueIdentifier>{950db7cd-4342-47e5-9ae2-88b273ddf1ee}</UniqueIdentifier>
    </Filter>
    <Filter Include="Заголовочные файлы\Audio\Synth">
      <UniqueIdentifier>{83b08c3b-0870-4994-acf0-cf9330151188}</UniqueIdentifier>
    </Filter>
    <Filter Include="Заголовочные файлы\Audio\Sources">
      <UniqueIdentifier>{3d0af21b-5624-4a38-97dd-0f2f873a291f}</UniqueIdentifier>
    </Filter>
    <Filter Include="Заголовочные файлы\Audio\Synth\Generators">
      <UniqueIdentifier>{633e5cfe-ca12-49f8-81e4-3f11e9d47c3f}</UniqueIdentifier>
    </Filter>
    <Filter Include="Заголовочные файлы\Audio\Synth\Modifiers">
      <UniqueIdentifier>{7ccaec7b-5534-4954-8b4d-b521013f10d0}</UniqueIdentifier>
    </Filter>
    <Filter Include="Заголовочные файлы\Audio\Synth\PostEffects">
      <UniqueIdentifier>{f16f5aa9-4a55-4dff-876a-092fa83b01e7}</UniqueIdentifier>
    </Filter>
    <Filter Include="Файлы исходного кода\Audio">
      <UniqueIdentifier>{074b23b8-2006-4a2b-9816-c525ad74aa26}</UniqueIdentifier>
    </Filter>
    <Filter Include="Файлы исходного кода\Audio\Synth">
      <UniqueIdentifier>{f88eac47-a3c4-4ce1-82bc-614bace1487c}</UniqueIdentifier>
    </Filter>
    <Filter Include="Файлы исходного кода\Audio\Sources">
      <UniqueIdentifier>{64c54285-1629-4c1a-910a-d8ece9442984}</UniqueIdentifier>
    </Filter>
    <Filter Include="Файлы исходного кода\Audio\Synth\Generators">
      <UniqueIdentifier>{e1062f18-6367-4df1-bb5e-750832f61498}</UniqueIdentifier>
    </Filter>
  </ItemGroup>
  <ItemGroup>
    <ClCompile Include="src\Audio\AudioBuffer.cpp">
      <Filter>Файлы исходного кода\Audio</Filter>
    </ClCompile>
    <ClCompile Include="src\Audio\AudioProcessing.cpp">
      <Filter>Файлы исходного кода\Audio</Filter>
    </ClCompile>
    <ClCompile Include="src\Audio\AudioSource.cpp">
      <Filter>Файлы исходного кода\Audio</Filter>
    </ClCompile>
    <ClCompile Include="src\Audio\Midi.cpp">
      <Filter>Файлы исходного кода\Audio</Filter>
    </ClCompile>
    <ClCompile Include="src\Audio\Music.cpp">
      <Filter>Файлы исходного кода\Audio</Filter>
    </ClCompile>
    <ClCompile Include="src\Audio\Sound.cpp">
      <Filter>Файлы исходного кода\Audio</Filter>
    </ClCompile>
    <ClCompile Include="src\Audio\Sound_ALSA.cpp">
      <Filter>Файлы исходного кода\Audio</Filter>
    </ClCompile>
    <ClCompile Include="src\Audio\Sound_DirectSound.cpp">
      <Filter>Файлы исходного кода\Audio</Filter>
    </ClCompile>
    <ClCompile Include="src\Audio\Sound_Dummy.cpp">
      <Filter>Файлы исходного кода\Audio</Filter>
    </ClCompile>
    <ClCompile Include="src\Audio\Sound_Emscripten.cpp">
      <Filter>Файлы исходного кода\Audio</Filter>
    </ClCompile>
    <ClCompile Include="src\Audio\Sound_OpenAL.cpp">
      <Filter>Файлы исходного кода\Audio</Filter>
    </ClCompile>
    <ClCompile Include="src\Audio\Sources\MusicSynthSource.cpp">
      <Filter>Файлы исходного кода\Audio\Sources</Filter>
    </ClCompile>
    <ClCompile Include="src\Audio\Sources\VorbisSource.cpp">
      <Filter>Файлы исходного кода\Audio\Sources</Filter>
    </ClCompile>
    <ClCompile Include="src\Audio\Sources\WaveSource.cpp">
      <Filter>Файлы исходного кода\Audio\Sources</Filter>
    </ClCompile>
    <ClCompile Include="src\Audio\Synth\AttackDecayAttenuation.cpp">
      <Filter>Файлы исходного кода\Audio\Synth</Filter>
    </ClCompile>
    <ClCompile Include="src\Audio\Synth\DrumInstrument.cpp">
      <Filter>Файлы исходного кода\Audio\Synth</Filter>
    </ClCompile>
    <ClCompile Include="src\Audio\Synth\ExponentialAttenuation.cpp">
      <Filter>Файлы исходного кода\Audio\Synth</Filter>
    </ClCompile>
    <ClCompile Include="src\Audio\Synth\HighLowPass.cpp">
      <Filter>Файлы исходного кода\Audio\Synth</Filter>
    </ClCompile>
    <ClCompile Include="src\Audio\Synth\InstrumentLibrary.cpp">
      <Filter>Файлы исходного кода\Audio\Synth</Filter>
    </ClCompile>
    <ClCompile Include="src\Audio\Synth\PeriodicSynth.cpp">
      <Filter>Файлы исходного кода\Audio\Synth</Filter>
    </ClCompile>
    <ClCompile Include="src\Audio\Synth\PostEffects.cpp">
      <Filter>Файлы исходного кода\Audio\Synth</Filter>
    </ClCompile>
    <ClCompile Include="src\Audio\Synth\SawtoothSynth.cpp">
      <Filter>Файлы исходного кода\Audio\Synth</Filter>
    </ClCompile>
    <ClCompile Include="src\Audio\Synth\SineExpSynth.cpp">
      <Filter>Файлы исходного кода\Audio\Synth</Filter>
    </ClCompile>
    <ClCompile Include="src\Audio\Synth\SineSynth.cpp">
      <Filter>Файлы исходного кода\Audio\Synth</Filter>
    </ClCompile>
    <ClCompile Include="src\Audio\Synth\SynthesizedInstrument.cpp">
      <Filter>Файлы исходного кода\Audio\Synth</Filter>
    </ClCompile>
    <ClCompile Include="src\Audio\Synth\TableAttenuation.cpp">
      <Filter>Файлы исходного кода\Audio\Synth</Filter>
    </ClCompile>
    <ClCompile Include="src\Audio\Synth\Generators\DrumPhysicalModel.cpp">
      <Filter>Файлы исходного кода\Audio\Synth\Generators</Filter>
    </ClCompile>
  </ItemGroup>
  <ItemGroup>
    <ClInclude Include="include\Audio\Sources\MusicSynthSource.h">
      <Filter>Заголовочные файлы\Audio\Sources</Filter>
    </ClInclude>
    <ClInclude Include="include\Audio\Sources\VorbisSource.h">
      <Filter>Заголовочные файлы\Audio\Sources</Filter>
    </ClInclude>
    <ClInclude Include="include\Audio\Sources\WaveSource.h">
      <Filter>Заголовочные файлы\Audio\Sources</Filter>
    </ClInclude>
    <ClInclude Include="include\Audio\Synth\AttackDecayAttenuation.h">
      <Filter>Заголовочные файлы\Audio\Synth</Filter>
    </ClInclude>
    <ClInclude Include="include\Audio\Synth\AttenuatorPass.h">
      <Filter>Заголовочные файлы\Audio\Synth</Filter>
    </ClInclude>
    <ClInclude Include="include\Audio\Synth\DrumInstrument.h">
      <Filter>Заголовочные файлы\Audio\Synth</Filter>
    </ClInclude>
    <ClInclude Include="include\Audio\Synth\ExponentialAttenuation.h">
      <Filter>Заголовочные файлы\Audio\Synth</Filter>
    </ClInclude>
    <ClInclude Include="include\Audio\Synth\Generators.h">
      <Filter>Заголовочные файлы\Audio\Synth</Filter>
    </ClInclude>
    <ClInclude Include="include\Audio\Synth\GeneratorSynth.h">
      <Filter>Заголовочные файлы\Audio\Synth</Filter>
    </ClInclude>
    <ClInclude Include="include\Audio\Synth\HighLowPass.h">
      <Filter>Заголовочные файлы\Audio\Synth</Filter>
    </ClInclude>
    <ClInclude Include="include\Audio\Synth\InstrumentLibrary.h">
      <Filter>Заголовочные файлы\Audio\Synth</Filter>
    </ClInclude>
    <ClInclude Include="include\Audio\Synth\ModifierPass.h">
      <Filter>Заголовочные файлы\Audio\Synth</Filter>
    </ClInclude>
    <ClInclude Include="include\Audio\Synth\Modifiers.h">
      <Filter>Заголовочные файлы\Audio\Synth</Filter>
    </ClInclude>
    <ClInclude Include="include\Audio\Synth\PeriodicSynth.h">
      <Filter>Заголовочные файлы\Audio\Synth</Filter>
    </ClInclude>
    <ClInclude Include="include\Audio\Synth\SawtoothSynth.h">
      <Filter>Заголовочные файлы\Audio\Synth</Filter>
    </ClInclude>
    <ClInclude Include="include\Audio\Synth\SineExpSynth.h">
      <Filter>Заголовочные файлы\Audio\Synth</Filter>
    </ClInclude>
    <ClInclude Include="include\Audio\Synth\SineSynth.h">
      <Filter>Заголовочные файлы\Audio\Synth</Filter>
    </ClInclude>
    <ClInclude Include="include\Audio\Synth\SynthesizedInstrument.h">
      <Filter>Заголовочные файлы\Audio\Synth</Filter>
    </ClInclude>
    <ClInclude Include="include\Audio\Synth\TableAttenuation.h">
      <Filter>Заголовочные файлы\Audio\Synth</Filter>
    </ClInclude>
    <ClInclude Include="include\Audio\Synth\Types.h">
      <Filter>Заголовочные файлы\Audio\Synth</Filter>
    </ClInclude>
    <ClInclude Include="include\Audio\Synth\PostEffects\Chorus.h">
      <Filter>Заголовочные файлы\Audio\Synth\PostEffects</Filter>
    </ClInclude>
    <ClInclude Include="include\Audio\Synth\Modifiers\AbsPulsator.h">
      <Filter>Заголовочные файлы\Audio\Synth\Modifiers</Filter>
    </ClInclude>
    <ClInclude Include="include\Audio\Synth\Modifiers\AddPulsator.h">
      <Filter>Заголовочные файлы\Audio\Synth\Modifiers</Filter>
    </ClInclude>
    <ClInclude Include="include\Audio\Synth\Modifiers\RelPulsator.h">
      <Filter>Заголовочные файлы\Audio\Synth\Modifiers</Filter>
    </ClInclude>
    <ClInclude Include="include\Audio\Synth\Generators\AbsModSine.h">
      <Filter>Заголовочные файлы\Audio\Synth\Generators</Filter>
    </ClInclude>
    <ClInclude Include="include\Audio\Synth\Generators\AbsModTimeSine.h">
      <Filter>Заголовочные файлы\Audio\Synth\Generators</Filter>
    </ClInclude>
    <ClInclude Include="include\Audio\Synth\Generators\DrumPhysicalModel.h">
      <Filter>Заголовочные файлы\Audio\Synth\Generators</Filter>
    </ClInclude>
    <ClInclude Include="include\Audio\Synth\Generators\FunctionGenerator.h">
      <Filter>Заголовочные файлы\Audio\Synth\Generators</Filter>
    </ClInclude>
    <ClInclude Include="include\Audio\Synth\Generators\Rectangular.h">
      <Filter>Заголовочные файлы\Audio\Synth\Generators</Filter>
    </ClInclude>
    <ClInclude Include="include\Audio\Synth\Generators\RelModSine.h">
      <Filter>Заголовочные файлы\Audio\Synth\Generators</Filter>
    </ClInclude>
    <ClInclude Include="include\Audio\Synth\Generators\RelModTimeSine.h">
      <Filter>Заголовочные файлы\Audio\Synth\Generators</Filter>
    </ClInclude>
    <ClInclude Include="include\Audio\Synth\Generators\Sawtooth.h">
      <Filter>Заголовочные файлы\Audio\Synth\Generators</Filter>
    </ClInclude>
    <ClInclude Include="include\Audio\Synth\Generators\ViolinPhysicalModel.h">
      <Filter>Заголовочные файлы\Audio\Synth\Generators</Filter>
    </ClInclude>
    <ClInclude Include="include\Audio\Synth\Generators\WhiteNoise.h">
      <Filter>Заголовочные файлы\Audio\Synth\Generators</Filter>
    </ClInclude>
    <ClInclude Include="include\Audio\AudioBuffer.h">
      <Filter>Заголовочные файлы\Audio</Filter>
    </ClInclude>
    <ClInclude Include="include\Audio\AudioProcessing.h">
      <Filter>Заголовочные файлы\Audio</Filter>
    </ClInclude>
    <ClInclude Include="include\Audio\AudioSource.h">
      <Filter>Заголовочные файлы\Audio</Filter>
    </ClInclude>
    <ClInclude Include="include\Audio\Midi.h">
      <Filter>Заголовочные файлы\Audio</Filter>
    </ClInclude>
    <ClInclude Include="include\Audio\Music.h">
      <Filter>Заголовочные файлы\Audio</Filter>
    </ClInclude>
    <ClInclude Include="include\Audio\Sound.h">
      <Filter>Заголовочные файлы\Audio</Filter>
    </ClInclude>
    <ClInclude Include="include\Audio\SoundApi.h">
      <Filter>Заголовочные файлы\Audio</Filter>
    </ClInclude>
    <ClInclude Include="include\Audio\SoundApiDeclarations.h">
      <Filter>Заголовочные файлы\Audio</Filter>
    </ClInclude>
    <ClInclude Include="include\Audio\SoundTypes.h">
      <Filter>Заголовочные файлы\Audio</Filter>
    </ClInclude>
    <ClInclude Include="include\Audio\MusicNote.h">
      <Filter>Заголовочные файлы\Audio</Filter>
    </ClInclude>
    <ClInclude Include="include\Audio\Synth\PostEffects.hh">
      <Filter>Заголовочные файлы\Audio\Synth</Filter>
    </ClInclude>
  </ItemGroup>
</Project>