<?xml version="1.0" encoding="utf-8"?>
<Project ToolsVersion="4.0" xmlns="http://schemas.microsoft.com/developer/msbuild/2003">
  <ItemGroup>
    <Filter Include="Файлы исходного кода">
      <UniqueIdentifier>{4FC737F1-C7A5-4376-A066-2A32D752A2FF}</UniqueIdentifier>
      <Extensions>cpp;c;cc;cxx;def;odl;idl;hpj;bat;asm;asmx</Extensions>
    </Filter>
    <Filter Include="Заголовочные файлы">
      <UniqueIdentifier>{93995380-89BD-4b04-88EB-625FBE52EBFB}</UniqueIdentifier>
      <Extensions>h;hh;hpp;hxx;hm;inl;inc;xsd</Extensions>
    </Filter>
    <Filter Include="Файлы ресурсов">
      <UniqueIdentifier>{67DA6AB6-F800-4c08-8B7A-83BB121AAD01}</UniqueIdentifier>
      <Extensions>rc;ico;cur;bmp;dlg;rc2;rct;bin;rgs;gif;jpg;jpeg;jpe;resx;tiff;tif;png;wav;mfcribbon-ms</Extensions>
    </Filter>
    <Filter Include="Заголовочные файлы\Range">
      <UniqueIdentifier>{f3c9ce05-5217-4fce-9731-b91be80f914f}</UniqueIdentifier>
    </Filter>
    <Filter Include="Файлы исходного кода\Range">
      <UniqueIdentifier>{490b3067-179e-4740-b000-f3a335005b1f}</UniqueIdentifier>
    </Filter>
  </ItemGroup>
  <ItemGroup>
    <ClInclude Include="src/PerfTestArray.h">
      <Filter>Заголовочные файлы</Filter>
    </ClInclude>
    <ClInclude Include="src/PerfTestMap.h">
      <Filter>Заголовочные файлы</Filter>
    </ClInclude>
    <ClInclude Include="src/PerfTestRandom.h">
      <Filter>Заголовочные файлы</Filter>
    </ClInclude>
    <ClInclude Include="src/PerfTestSerialization.h">
      <Filter>Заголовочные файлы</Filter>
    </ClInclude>
    <ClInclude Include="src/PerfTestSort.h">
      <Filter>Заголовочные файлы</Filter>
    </ClInclude>
    <ClInclude Include="src/PerfTestString.h">
      <Filter>Заголовочные файлы</Filter>
    </ClInclude>
    <ClInclude Include="src\Range\Header.h">
      <Filter>Заголовочные файлы\Range</Filter>
    </ClInclude>
  </ItemGroup>
  <ItemGroup>
    <ClCompile Include="src/PerfTestArray.cpp">
      <Filter>Файлы исходного кода</Filter>
    </ClCompile>
    <ClCompile Include="src/PerfTesting.cpp">
      <Filter>Файлы исходного кода</Filter>
    </ClCompile>
    <ClCompile Include="src/PerfTestMap.cpp">
      <Filter>Файлы исходного кода</Filter>
    </ClCompile>
    <ClCompile Include="src/PerfTestRandom.cpp">
      <Filter>Файлы исходного кода</Filter>
    </ClCompile>
    <ClCompile Include="src/PerfTestSerialization.cpp">
      <Filter>Файлы исходного кода</Filter>
    </ClCompile>
    <ClCompile Include="src/PerfTestSort.cpp">
      <Filter>Файлы исходного кода</Filter>
    </ClCompile>
    <ClCompile Include="src/PerfTestString.cpp">
      <Filter>Файлы исходного кода</Filter>
    </ClCompile>
    <ClCompile Include="src\Range\Composing.cpp">
      <Filter>Файлы исходного кода\Range</Filter>
    </ClCompile>
    <ClCompile Include="src\Range\Polymorphic.cpp">
      <Filter>Файлы исходного кода\Range</Filter>
    </ClCompile>
    <ClCompile Include="src\Range\Streams.cpp">
      <Filter>Файлы исходного кода\Range</Filter>
    </ClCompile>
  </ItemGroup>
</Project>