<?xml version="1.0" encoding="utf-8"?>
<Project ToolsVersion="4.0" xmlns="http://schemas.microsoft.com/developer/msbuild/2003">
  <ItemGroup>
    <ClCompile Include="src\Range\Streams.cpp">
      <Filter>Source Files\Range</Filter>
    </ClCompile>
    <ClCompile Include="src\Range\Polymorphic.cpp">
      <Filter>Source Files\Range</Filter>
    </ClCompile>
    <ClCompile Include="src\Range\Composing.cpp">
      <Filter>Source Files\Range</Filter>
    </ClCompile>
    <ClCompile Include="src\Range\StlInterop.cpp">
      <Filter>Source Files\Range</Filter>
    </ClCompile>
    <ClCompile Include="src\Sort.cpp">
      <Filter>Source Files</Filter>
    </ClCompile>
    <ClCompile Include="src\UnitTests.cpp">
      <Filter>Source Files</Filter>
    </ClCompile>
    <ClCompile Include="src\Range\Unicode.cpp">
      <Filter>Source Files\Range</Filter>
    </ClCompile>
    <ClCompile Include="src\Serialization.cpp">
      <Filter>Source Files</Filter>
    </ClCompile>
  </ItemGroup>
  <ItemGroup>
    <ClInclude Include="src\Range\Header.h">
      <Filter>Header Files\Range</Filter>
    </ClInclude>
    <ClInclude Include="src\Sort.h">
      <Filter>Header Files</Filter>
    </ClInclude>
    <ClInclude Include="src\Serialization.h">
      <Filter>Header Files</Filter>
    </ClInclude>
  </ItemGroup>
  <ItemGroup>
    <Filter Include="Source Files">
      <UniqueIdentifier>{e4959a3e-3672-4aad-887c-d5bc920fe494}</UniqueIdentifier>
    </Filter>
    <Filter Include="Header Files">
      <UniqueIdentifier>{7e61effa-22df-438b-ad91-2dd11c35ed78}</UniqueIdentifier>
    </Filter>
    <Filter Include="Header Files\Container">
      <UniqueIdentifier>{7549bc08-4654-4014-aa89-f87a8986a836}</UniqueIdentifier>
    </Filter>
    <Filter Include="Header Files\Range">
      <UniqueIdentifier>{ad7e676c-86d0-484b-b89b-7af3db87604e}</UniqueIdentifier>
    </Filter>
    <Filter Include="Source Files\Range">
      <UniqueIdentifier>{d08bb8a2-025a-4eec-bca9-50b30d10863a}</UniqueIdentifier>
    </Filter>
    <Filter Include="Source Files\Container">
      <UniqueIdentifier>{a9c27421-d494-4dc0-bfcb-dc0164cf379a}</UniqueIdentifier>
    </Filter>
  </ItemGroup>
</Project>