<?xml version="1.0" encoding="utf-8"?>
<Project ToolsVersion="4.0" xmlns="http://schemas.microsoft.com/developer/msbuild/2003">
  <ItemGroup>
    <ClCompile Include="src\Range\Streams.cpp">
      <Filter>Source Files\Range</Filter>
    </ClCompile>
    <ClCompile Include="src\Range\Polymorphic.cpp">
      <Filter>Source Files\Range</Filter>
    </ClCompile>
    <ClCompile Include="src\Range\Composing.cpp">
      <Filter>Source Files\Range</Filter>
    </ClCompile>
    <ClCompile Include="src\Range\StlInterop.cpp">
      <Filter>Source Files\Range</Filter>
    </ClCompile>
    <ClCompile Include="src\Sort.cpp">
      <Filter>Source Files</Filter>
    </ClCompile>
    <ClCompile Include="src\UnitTests.cpp">
      <Filter>Source Files</Filter>
    </ClCompile>
    <ClCompile Include="src\Range\Unicode.cpp">
      <Filter>Source Files\Range</Filter>
    </ClCompile>
    <ClCompile Include="src\Serialization.cpp">
      <Filter>Source Files</Filter>
    </ClCompile>
    <ClCompile Include="src\IO\File.cpp">
      <Filter>Source Files\IO</Filter>
    </ClCompile>
    <ClCompile Include="src\IO\Socket.cpp">
      <Filter>Source Files\IO</Filter>
    </ClCompile>
    <ClCompile Include="src\Container\SparseArray.cpp">
      <Filter>Source Files\Container</Filter>
    </ClCompile>
    <ClCompile Include="src\Container\HashMap.cpp">
      <Filter>Source Files\Container</Filter>
    </ClCompile>
    <ClCompile Include="src\Concurrency\Atomic.cpp">
      <Filter>Source Files\Concurrency</Filter>
    </ClCompile>
    <ClCompile Include="src\Concurrency\Interruption.cpp">
      <Filter>Source Files\Concurrency</Filter>
    </ClCompile>
    <ClCompile Include="Delegate.cpp" />
    <ClCompile Include="src\Range\Heap.cpp">
      <Filter>Source Files\Range</Filter>
    </ClCompile>
  </ItemGroup>
  <ItemGroup>
    <ClInclude Include="src\Sort.h">
      <Filter>Header Files</Filter>
    </ClInclude>
    <ClInclude Include="src\Serialization.h">
      <Filter>Header Files</Filter>
    </ClInclude>
    <ClInclude Include="src\Range\Range.h">
      <Filter>Header Files\Range</Filter>
    </ClInclude>
    <ClInclude Include="src\IO\IO.h">
      <Filter>Header Files\IO</Filter>
    </ClInclude>
    <ClInclude Include="src\Container\SparseArray.h">
      <Filter>Header Files\Container</Filter>
    </ClInclude>
    <ClInclude Include="src\Container\HashMap.h">
      <Filter>Header Files\Container</Filter>
    </ClInclude>
    <ClInclude Include="src\Concurrency\Concurrency.h">
      <Filter>Header Files\Concurrency</Filter>
    </ClInclude>
  </ItemGroup>
  <ItemGroup>
    <Filter Include="Source Files">
      <UniqueIdentifier>{e4959a3e-3672-4aad-887c-d5bc920fe494}</UniqueIdentifier>
    </Filter>
    <Filter Include="Header Files">
      <UniqueIdentifier>{7e61effa-22df-438b-ad91-2dd11c35ed78}</UniqueIdentifier>
    </Filter>
    <Filter Include="Header Files\Container">
      <UniqueIdentifier>{7549bc08-4654-4014-aa89-f87a8986a836}</UniqueIdentifier>
    </Filter>
    <Filter Include="Header Files\Range">
      <UniqueIdentifier>{ad7e676c-86d0-484b-b89b-7af3db87604e}</UniqueIdentifier>
    </Filter>
    <Filter Include="Source Files\Range">
      <UniqueIdentifier>{d08bb8a2-025a-4eec-bca9-50b30d10863a}</UniqueIdentifier>
    </Filter>
    <Filter Include="Source Files\Container">
      <UniqueIdentifier>{a9c27421-d494-4dc0-bfcb-dc0164cf379a}</UniqueIdentifier>
    </Filter>
    <Filter Include="Header Files\IO">
      <UniqueIdentifier>{9eac3a0c-c103-4427-b7a6-5aa7cf441097}</UniqueIdentifier>
    </Filter>
    <Filter Include="Source Files\IO">
      <UniqueIdentifier>{59165f7a-a347-430a-8f7f-af292830dc12}</UniqueIdentifier>
    </Filter>
    <Filter Include="Source Files\Concurrency">
      <UniqueIdentifier>{b7753205-8c86-46bf-8d05-10749b945306}</UniqueIdentifier>
    </Filter>
    <Filter Include="Header Files\Concurrency">
      <UniqueIdentifier>{37221297-1cfc-46f9-bcba-be22bcbe57f6}</UniqueIdentifier>
    </Filter>
  </ItemGroup>
</Project>